// !$*UTF8*$!
{
	archiveVersion = 1;
	classes = {
	};
	objectVersion = 46;
	objects = {

/* Begin PBXBuildFile section */
		034BDF981F5472F700F261D1 /* zhe-binheap.c in Sources */ = {isa = PBXBuildFile; fileRef = 034BDF821F5472F700F261D1 /* zhe-binheap.c */; };
		034BDF991F5472F700F261D1 /* zhe-bitset.c in Sources */ = {isa = PBXBuildFile; fileRef = 034BDF841F5472F700F261D1 /* zhe-bitset.c */; };
		034BDF9A1F5472F700F261D1 /* zhe-pack.c in Sources */ = {isa = PBXBuildFile; fileRef = 034BDF861F5472F700F261D1 /* zhe-pack.c */; };
		034BDF9C1F5472F700F261D1 /* zhe-pubsub.c in Sources */ = {isa = PBXBuildFile; fileRef = 034BDF8A1F5472F700F261D1 /* zhe-pubsub.c */; };
		034BDF9E1F5472F700F261D1 /* zhe-unpack.c in Sources */ = {isa = PBXBuildFile; fileRef = 034BDF8E1F5472F700F261D1 /* zhe-unpack.c */; };
		034BDF9F1F5472F700F261D1 /* zhe.c in Sources */ = {isa = PBXBuildFile; fileRef = 034BDF961F5472F700F261D1 /* zhe.c */; };
		034BDFA41F54730900F261D1 /* throughput.c in Sources */ = {isa = PBXBuildFile; fileRef = 034BDFA11F54730900F261D1 /* throughput.c */; };
		034BDFA71F54734000F261D1 /* platform-udp.c in Sources */ = {isa = PBXBuildFile; fileRef = 034BDFA51F54734000F261D1 /* platform-udp.c */; };
		036D95401F8CF05E003C047B /* zhe-icgcb.c in Sources */ = {isa = PBXBuildFile; fileRef = 036D953F1F8CF05D003C047B /* zhe-icgcb.c */; };
		036D95461F93D6A8003C047B /* zhe-icgcb.c in Sources */ = {isa = PBXBuildFile; fileRef = 036D953F1F8CF05D003C047B /* zhe-icgcb.c */; };
		036D95561F93D6C3003C047B /* icgcbtest.c in Sources */ = {isa = PBXBuildFile; fileRef = 036D95421F93D692003C047B /* icgcbtest.c */; };
		036F3B611F975F7700987F3B /* zhe-uristore.c in Sources */ = {isa = PBXBuildFile; fileRef = 036F3B601F975F7700987F3B /* zhe-uristore.c */; };
		036F3B621F975F7700987F3B /* zhe-uristore.c in Sources */ = {isa = PBXBuildFile; fileRef = 036F3B601F975F7700987F3B /* zhe-uristore.c */; };
		036F3B631F9771D100987F3B /* zhe-icgcb.c in Sources */ = {isa = PBXBuildFile; fileRef = 036D953F1F8CF05D003C047B /* zhe-icgcb.c */; };
		037208E31F70E92600AE2144 /* platform-udp.c in Sources */ = {isa = PBXBuildFile; fileRef = 034BDFA51F54734000F261D1 /* platform-udp.c */; };
		037208E41F70E92600AE2144 /* zhe-bitset.c in Sources */ = {isa = PBXBuildFile; fileRef = 034BDF841F5472F700F261D1 /* zhe-bitset.c */; };
		037208E51F70E92600AE2144 /* zhe-pubsub.c in Sources */ = {isa = PBXBuildFile; fileRef = 034BDF8A1F5472F700F261D1 /* zhe-pubsub.c */; };
		037208E61F70E92600AE2144 /* zhe-unpack.c in Sources */ = {isa = PBXBuildFile; fileRef = 034BDF8E1F5472F700F261D1 /* zhe-unpack.c */; };
		037208E71F70E92600AE2144 /* zhe-binheap.c in Sources */ = {isa = PBXBuildFile; fileRef = 034BDF821F5472F700F261D1 /* zhe-binheap.c */; };
		037208E91F70E92600AE2144 /* zhe.c in Sources */ = {isa = PBXBuildFile; fileRef = 034BDF961F5472F700F261D1 /* zhe.c */; };
		037208EA1F70E92600AE2144 /* zhe-pack.c in Sources */ = {isa = PBXBuildFile; fileRef = 034BDF861F5472F700F261D1 /* zhe-pack.c */; };
		037208F11F70E93800AE2144 /* roundtrip.c in Sources */ = {isa = PBXBuildFile; fileRef = 037208E01F70E91B00AE2144 /* roundtrip.c */; };
		037208F31F70E96900AE2144 /* testlib.c in Sources */ = {isa = PBXBuildFile; fileRef = 037208F21F70E96900AE2144 /* testlib.c */; };
		037208F41F70E96900AE2144 /* testlib.c in Sources */ = {isa = PBXBuildFile; fileRef = 037208F21F70E96900AE2144 /* testlib.c */; };
/* End PBXBuildFile section */

/* Begin PBXCopyFilesBuildPhase section */
		030587641EF92BEB0040F446 /* CopyFiles */ = {
			isa = PBXCopyFilesBuildPhase;
			buildActionMask = 2147483647;
			dstPath = /usr/share/man/man1/;
			dstSubfolderSpec = 0;
			files = (
			);
			runOnlyForDeploymentPostprocessing = 1;
		};
		036D95511F93D6A8003C047B /* CopyFiles */ = {
			isa = PBXCopyFilesBuildPhase;
			buildActionMask = 2147483647;
			dstPath = /usr/share/man/man1/;
			dstSubfolderSpec = 0;
			files = (
			);
			runOnlyForDeploymentPostprocessing = 1;
		};
		037208EC1F70E92600AE2144 /* CopyFiles */ = {
			isa = PBXCopyFilesBuildPhase;
			buildActionMask = 2147483647;
			dstPath = /usr/share/man/man1/;
			dstSubfolderSpec = 0;
			files = (
			);
			runOnlyForDeploymentPostprocessing = 1;
		};
/* End PBXCopyFilesBuildPhase section */

/* Begin PBXFileReference section */
		030587661EF92BEB0040F446 /* throughput */ = {isa = PBXFileReference; explicitFileType = "compiled.mach-o.executable"; includeInIndex = 0; path = throughput; sourceTree = BUILT_PRODUCTS_DIR; };
		034BDF811F5472F700F261D1 /* zhe-platform.h */ = {isa = PBXFileReference; fileEncoding = 4; lastKnownFileType = sourcecode.c.h; name = "zhe-platform.h"; path = "src/zhe-platform.h"; sourceTree = SOURCE_ROOT; };
		034BDF821F5472F700F261D1 /* zhe-binheap.c */ = {isa = PBXFileReference; fileEncoding = 4; lastKnownFileType = sourcecode.c.c; name = "zhe-binheap.c"; path = "src/zhe-binheap.c"; sourceTree = SOURCE_ROOT; };
		034BDF831F5472F700F261D1 /* zhe-binheap.h */ = {isa = PBXFileReference; fileEncoding = 4; lastKnownFileType = sourcecode.c.h; name = "zhe-binheap.h"; path = "src/zhe-binheap.h"; sourceTree = SOURCE_ROOT; };
		034BDF841F5472F700F261D1 /* zhe-bitset.c */ = {isa = PBXFileReference; fileEncoding = 4; lastKnownFileType = sourcecode.c.c; name = "zhe-bitset.c"; path = "src/zhe-bitset.c"; sourceTree = SOURCE_ROOT; };
		034BDF851F5472F700F261D1 /* zhe-bitset.h */ = {isa = PBXFileReference; fileEncoding = 4; lastKnownFileType = sourcecode.c.h; name = "zhe-bitset.h"; path = "src/zhe-bitset.h"; sourceTree = SOURCE_ROOT; };
		034BDF861F5472F700F261D1 /* zhe-pack.c */ = {isa = PBXFileReference; fileEncoding = 4; lastKnownFileType = sourcecode.c.c; name = "zhe-pack.c"; path = "src/zhe-pack.c"; sourceTree = SOURCE_ROOT; };
		034BDF871F5472F700F261D1 /* zhe-pack.h */ = {isa = PBXFileReference; fileEncoding = 4; lastKnownFileType = sourcecode.c.h; name = "zhe-pack.h"; path = "src/zhe-pack.h"; sourceTree = SOURCE_ROOT; };
		034BDF8A1F5472F700F261D1 /* zhe-pubsub.c */ = {isa = PBXFileReference; fileEncoding = 4; lastKnownFileType = sourcecode.c.c; name = "zhe-pubsub.c"; path = "src/zhe-pubsub.c"; sourceTree = SOURCE_ROOT; };
		034BDF8B1F5472F700F261D1 /* zhe-pubsub.h */ = {isa = PBXFileReference; fileEncoding = 4; lastKnownFileType = sourcecode.c.h; name = "zhe-pubsub.h"; path = "src/zhe-pubsub.h"; sourceTree = SOURCE_ROOT; };
		034BDF8E1F5472F700F261D1 /* zhe-unpack.c */ = {isa = PBXFileReference; fileEncoding = 4; lastKnownFileType = sourcecode.c.c; name = "zhe-unpack.c"; path = "src/zhe-unpack.c"; sourceTree = SOURCE_ROOT; };
		034BDF8F1F5472F700F261D1 /* zhe-unpack.h */ = {isa = PBXFileReference; fileEncoding = 4; lastKnownFileType = sourcecode.c.h; name = "zhe-unpack.h"; path = "src/zhe-unpack.h"; sourceTree = SOURCE_ROOT; };
		034BDF911F5472F700F261D1 /* zhe-config-deriv.h */ = {isa = PBXFileReference; fileEncoding = 4; lastKnownFileType = sourcecode.c.h; name = "zhe-config-deriv.h"; path = "src/zhe-config-deriv.h"; sourceTree = SOURCE_ROOT; };
		034BDF921F5472F700F261D1 /* zhe-int.h */ = {isa = PBXFileReference; fileEncoding = 4; lastKnownFileType = sourcecode.c.h; name = "zhe-int.h"; path = "src/zhe-int.h"; sourceTree = SOURCE_ROOT; };
		034BDF931F5472F700F261D1 /* zhe-msg.h */ = {isa = PBXFileReference; fileEncoding = 4; lastKnownFileType = sourcecode.c.h; name = "zhe-msg.h"; path = "src/zhe-msg.h"; sourceTree = SOURCE_ROOT; };
		034BDF941F5472F700F261D1 /* zhe-rid.h */ = {isa = PBXFileReference; fileEncoding = 4; lastKnownFileType = sourcecode.c.h; name = "zhe-rid.h"; path = "src/zhe-rid.h"; sourceTree = SOURCE_ROOT; };
		034BDF951F5472F700F261D1 /* zhe-tracing.h */ = {isa = PBXFileReference; fileEncoding = 4; lastKnownFileType = sourcecode.c.h; name = "zhe-tracing.h"; path = "src/zhe-tracing.h"; sourceTree = SOURCE_ROOT; };
		034BDF961F5472F700F261D1 /* zhe.c */ = {isa = PBXFileReference; fileEncoding = 4; lastKnownFileType = sourcecode.c.c; name = zhe.c; path = src/zhe.c; sourceTree = SOURCE_ROOT; };
		034BDF971F5472F700F261D1 /* zhe.h */ = {isa = PBXFileReference; fileEncoding = 4; lastKnownFileType = sourcecode.c.h; name = zhe.h; path = src/zhe.h; sourceTree = SOURCE_ROOT; };
		034BDFA11F54730900F261D1 /* throughput.c */ = {isa = PBXFileReference; fileEncoding = 4; lastKnownFileType = sourcecode.c.c; name = throughput.c; path = test/throughput.c; sourceTree = "<group>"; };
		034BDFA21F54730900F261D1 /* zhe-config-int.h */ = {isa = PBXFileReference; fileEncoding = 4; lastKnownFileType = sourcecode.c.h; name = "zhe-config-int.h"; path = "test/zhe-config-int.h"; sourceTree = "<group>"; };
		034BDFA31F54730900F261D1 /* zhe-config.h */ = {isa = PBXFileReference; fileEncoding = 4; lastKnownFileType = sourcecode.c.h; name = "zhe-config.h"; path = "test/zhe-config.h"; sourceTree = "<group>"; };
		034BDFA51F54734000F261D1 /* platform-udp.c */ = {isa = PBXFileReference; fileEncoding = 4; lastKnownFileType = sourcecode.c.c; name = "platform-udp.c"; path = "test/platform-udp.c"; sourceTree = "<group>"; };
		034BDFA61F54734000F261D1 /* platform-udp.h */ = {isa = PBXFileReference; fileEncoding = 4; lastKnownFileType = sourcecode.c.h; name = "platform-udp.h"; path = "test/platform-udp.h"; sourceTree = "<group>"; };
		034BDFAE1F547D1A00F261D1 /* zhe-assert.h */ = {isa = PBXFileReference; fileEncoding = 4; lastKnownFileType = sourcecode.c.h; name = "zhe-assert.h"; path = "test/zhe-assert.h"; sourceTree = "<group>"; };
		036D953F1F8CF05D003C047B /* zhe-icgcb.c */ = {isa = PBXFileReference; fileEncoding = 4; lastKnownFileType = sourcecode.c.c; name = "zhe-icgcb.c"; path = "src/zhe-icgcb.c"; sourceTree = SOURCE_ROOT; };
		036D95411F93CFD3003C047B /* zhe-icgcb.h */ = {isa = PBXFileReference; fileEncoding = 4; lastKnownFileType = sourcecode.c.h; name = "zhe-icgcb.h"; path = "src/zhe-icgcb.h"; sourceTree = SOURCE_ROOT; };
		036D95421F93D692003C047B /* icgcbtest.c */ = {isa = PBXFileReference; lastKnownFileType = sourcecode.c.c; path = icgcbtest.c; sourceTree = "<group>"; };
		036D95551F93D6A8003C047B /* icgcbtest */ = {isa = PBXFileReference; explicitFileType = "compiled.mach-o.executable"; includeInIndex = 0; path = icgcbtest; sourceTree = BUILT_PRODUCTS_DIR; };
		036F3B601F975F7700987F3B /* zhe-uristore.c */ = {isa = PBXFileReference; fileEncoding = 4; lastKnownFileType = sourcecode.c.c; name = "zhe-uristore.c"; path = "src/zhe-uristore.c"; sourceTree = SOURCE_ROOT; };
		036F3B641F97720800987F3B /* zhe-uristore.h */ = {isa = PBXFileReference; lastKnownFileType = sourcecode.c.h; name = "zhe-uristore.h"; path = "src/zhe-uristore.h"; sourceTree = SOURCE_ROOT; };
		037208E01F70E91B00AE2144 /* roundtrip.c */ = {isa = PBXFileReference; lastKnownFileType = sourcecode.c.c; name = roundtrip.c; path = test/roundtrip.c; sourceTree = "<group>"; };
		037208F01F70E92600AE2144 /* roundtrip */ = {isa = PBXFileReference; explicitFileType = "compiled.mach-o.executable"; includeInIndex = 0; path = roundtrip; sourceTree = BUILT_PRODUCTS_DIR; };
		037208F21F70E96900AE2144 /* testlib.c */ = {isa = PBXFileReference; fileEncoding = 4; lastKnownFileType = sourcecode.c.c; name = testlib.c; path = test/testlib.c; sourceTree = "<group>"; };
		037208F51F70E99100AE2144 /* testlib.h */ = {isa = PBXFileReference; lastKnownFileType = sourcecode.c.h; name = testlib.h; path = test/testlib.h; sourceTree = "<group>"; };
		0394B85D1F72C92700ABE751 /* README.md */ = {isa = PBXFileReference; lastKnownFileType = net.daringfireball.markdown; path = README.md; sourceTree = "<group>"; };
		03EBCBF41FABF9E7006E316D /* TODO.md */ = {isa = PBXFileReference; lastKnownFileType = net.daringfireball.markdown; path = TODO.md; sourceTree = "<group>"; };
/* End PBXFileReference section */

/* Begin PBXFrameworksBuildPhase section */
		030587631EF92BEB0040F446 /* Frameworks */ = {
			isa = PBXFrameworksBuildPhase;
			buildActionMask = 2147483647;
			files = (
			);
			runOnlyForDeploymentPostprocessing = 0;
		};
		036D95501F93D6A8003C047B /* Frameworks */ = {
			isa = PBXFrameworksBuildPhase;
			buildActionMask = 2147483647;
			files = (
			);
			runOnlyForDeploymentPostprocessing = 0;
		};
		037208EB1F70E92600AE2144 /* Frameworks */ = {
			isa = PBXFrameworksBuildPhase;
			buildActionMask = 2147483647;
			files = (
			);
			runOnlyForDeploymentPostprocessing = 0;
		};
/* End PBXFrameworksBuildPhase section */

/* Begin PBXGroup section */
		0305875D1EF92BEB0040F446 = {
			isa = PBXGroup;
			children = (
				03EBCBF41FABF9E7006E316D /* TODO.md */,
				0394B85D1F72C92700ABE751 /* README.md */,
				034BDFA01F5472FD00F261D1 /* test */,
				030587681EF92BEB0040F446 /* src */,
				036D95431F93D699003C047B /* q */,
				030587671EF92BEB0040F446 /* Products */,
			);
			indentWidth = 4;
			sourceTree = "<group>";
		};
		030587671EF92BEB0040F446 /* Products */ = {
			isa = PBXGroup;
			children = (
				030587661EF92BEB0040F446 /* throughput */,
				037208F01F70E92600AE2144 /* roundtrip */,
				036D95551F93D6A8003C047B /* icgcbtest */,
			);
			name = Products;
			sourceTree = "<group>";
		};
		030587681EF92BEB0040F446 /* src */ = {
			isa = PBXGroup;
			children = (
				034BDF821F5472F700F261D1 /* zhe-binheap.c */,
				034BDF831F5472F700F261D1 /* zhe-binheap.h */,
				034BDF841F5472F700F261D1 /* zhe-bitset.c */,
				034BDF851F5472F700F261D1 /* zhe-bitset.h */,
				034BDF911F5472F700F261D1 /* zhe-config-deriv.h */,
				036D953F1F8CF05D003C047B /* zhe-icgcb.c */,
				036D95411F93CFD3003C047B /* zhe-icgcb.h */,
				034BDF921F5472F700F261D1 /* zhe-int.h */,
				034BDF931F5472F700F261D1 /* zhe-msg.h */,
				034BDF861F5472F700F261D1 /* zhe-pack.c */,
				034BDF871F5472F700F261D1 /* zhe-pack.h */,
				034BDF811F5472F700F261D1 /* zhe-platform.h */,
				034BDF8A1F5472F700F261D1 /* zhe-pubsub.c */,
				034BDF8B1F5472F700F261D1 /* zhe-pubsub.h */,
				034BDF941F5472F700F261D1 /* zhe-rid.h */,
				034BDF951F5472F700F261D1 /* zhe-tracing.h */,
				034BDF8E1F5472F700F261D1 /* zhe-unpack.c */,
				034BDF8F1F5472F700F261D1 /* zhe-unpack.h */,
				036F3B601F975F7700987F3B /* zhe-uristore.c */,
				036F3B641F97720800987F3B /* zhe-uristore.h */,
				034BDF961F5472F700F261D1 /* zhe.c */,
				034BDF971F5472F700F261D1 /* zhe.h */,
			);
			name = src;
			path = .;
			sourceTree = "<group>";
		};
		034BDFA01F5472FD00F261D1 /* test */ = {
			isa = PBXGroup;
			children = (
				037208F21F70E96900AE2144 /* testlib.c */,
				037208E01F70E91B00AE2144 /* roundtrip.c */,
				034BDFA11F54730900F261D1 /* throughput.c */,
				034BDFA51F54734000F261D1 /* platform-udp.c */,
				034BDFA61F54734000F261D1 /* platform-udp.h */,
				034BDFAE1F547D1A00F261D1 /* zhe-assert.h */,
				034BDFA21F54730900F261D1 /* zhe-config-int.h */,
				034BDFA31F54730900F261D1 /* zhe-config.h */,
				037208F51F70E99100AE2144 /* testlib.h */,
			);
			name = test;
			sourceTree = "<group>";
		};
		036D95431F93D699003C047B /* q */ = {
			isa = PBXGroup;
			children = (
				036D95421F93D692003C047B /* icgcbtest.c */,
			);
			path = q;
			sourceTree = "<group>";
		};
/* End PBXGroup section */

/* Begin PBXNativeTarget section */
		030587651EF92BEB0040F446 /* throughput */ = {
			isa = PBXNativeTarget;
			buildConfigurationList = 0305876D1EF92BEB0040F446 /* Build configuration list for PBXNativeTarget "throughput" */;
			buildPhases = (
				030587621EF92BEB0040F446 /* Sources */,
				030587631EF92BEB0040F446 /* Frameworks */,
				030587641EF92BEB0040F446 /* CopyFiles */,
			);
			buildRules = (
			);
			dependencies = (
			);
			name = throughput;
			productName = zhe;
			productReference = 030587661EF92BEB0040F446 /* throughput */;
			productType = "com.apple.product-type.tool";
		};
		036D95441F93D6A8003C047B /* icgcbtest */ = {
			isa = PBXNativeTarget;
			buildConfigurationList = 036D95521F93D6A8003C047B /* Build configuration list for PBXNativeTarget "icgcbtest" */;
			buildPhases = (
				036D95451F93D6A8003C047B /* Sources */,
				036D95501F93D6A8003C047B /* Frameworks */,
				036D95511F93D6A8003C047B /* CopyFiles */,
			);
			buildRules = (
			);
			dependencies = (
			);
			name = icgcbtest;
			productName = zhe;
			productReference = 036D95551F93D6A8003C047B /* icgcbtest */;
			productType = "com.apple.product-type.tool";
		};
		037208E11F70E92600AE2144 /* roundtrip */ = {
			isa = PBXNativeTarget;
			buildConfigurationList = 037208ED1F70E92600AE2144 /* Build configuration list for PBXNativeTarget "roundtrip" */;
			buildPhases = (
				037208E21F70E92600AE2144 /* Sources */,
				037208EB1F70E92600AE2144 /* Frameworks */,
				037208EC1F70E92600AE2144 /* CopyFiles */,
			);
			buildRules = (
			);
			dependencies = (
			);
			name = roundtrip;
			productName = zhe;
			productReference = 037208F01F70E92600AE2144 /* roundtrip */;
			productType = "com.apple.product-type.tool";
		};
/* End PBXNativeTarget section */

/* Begin PBXProject section */
		0305875E1EF92BEB0040F446 /* Project object */ = {
			isa = PBXProject;
			attributes = {
				LastUpgradeCheck = 0900;
				ORGANIZATIONNAME = "ADLINK ATO";
				TargetAttributes = {
					030587651EF92BEB0040F446 = {
						CreatedOnToolsVersion = 8.3.3;
						ProvisioningStyle = Automatic;
					};
				};
			};
			buildConfigurationList = 030587611EF92BEB0040F446 /* Build configuration list for PBXProject "zhe" */;
			compatibilityVersion = "Xcode 3.2";
			developmentRegion = English;
			hasScannedForEncodings = 0;
			knownRegions = (
				en,
			);
			mainGroup = 0305875D1EF92BEB0040F446;
			productRefGroup = 030587671EF92BEB0040F446 /* Products */;
			projectDirPath = "";
			projectRoot = "";
			targets = (
				030587651EF92BEB0040F446 /* throughput */,
				037208E11F70E92600AE2144 /* roundtrip */,
				036D95441F93D6A8003C047B /* icgcbtest */,
			);
		};
/* End PBXProject section */

/* Begin PBXSourcesBuildPhase section */
		030587621EF92BEB0040F446 /* Sources */ = {
			isa = PBXSourcesBuildPhase;
			buildActionMask = 2147483647;
			files = (
				036D95401F8CF05E003C047B /* zhe-icgcb.c in Sources */,
				036F3B611F975F7700987F3B /* zhe-uristore.c in Sources */,
				034BDFA71F54734000F261D1 /* platform-udp.c in Sources */,
				034BDF991F5472F700F261D1 /* zhe-bitset.c in Sources */,
				034BDF9C1F5472F700F261D1 /* zhe-pubsub.c in Sources */,
				034BDF9E1F5472F700F261D1 /* zhe-unpack.c in Sources */,
				034BDF981F5472F700F261D1 /* zhe-binheap.c in Sources */,
				034BDFA41F54730900F261D1 /* throughput.c in Sources */,
				034BDF9F1F5472F700F261D1 /* zhe.c in Sources */,
				034BDF9A1F5472F700F261D1 /* zhe-pack.c in Sources */,
				037208F31F70E96900AE2144 /* testlib.c in Sources */,
			);
			runOnlyForDeploymentPostprocessing = 0;
		};
		036D95451F93D6A8003C047B /* Sources */ = {
			isa = PBXSourcesBuildPhase;
			buildActionMask = 2147483647;
			files = (
				036D95461F93D6A8003C047B /* zhe-icgcb.c in Sources */,
				036D95561F93D6C3003C047B /* icgcbtest.c in Sources */,
			);
			runOnlyForDeploymentPostprocessing = 0;
		};
		037208E21F70E92600AE2144 /* Sources */ = {
			isa = PBXSourcesBuildPhase;
			buildActionMask = 2147483647;
			files = (
				036F3B621F975F7700987F3B /* zhe-uristore.c in Sources */,
				037208E31F70E92600AE2144 /* platform-udp.c in Sources */,
				037208E41F70E92600AE2144 /* zhe-bitset.c in Sources */,
				037208E51F70E92600AE2144 /* zhe-pubsub.c in Sources */,
				037208E61F70E92600AE2144 /* zhe-unpack.c in Sources */,
				037208E71F70E92600AE2144 /* zhe-binheap.c in Sources */,
				037208F11F70E93800AE2144 /* roundtrip.c in Sources */,
				037208E91F70E92600AE2144 /* zhe.c in Sources */,
				037208EA1F70E92600AE2144 /* zhe-pack.c in Sources */,
				037208F41F70E96900AE2144 /* testlib.c in Sources */,
				036F3B631F9771D100987F3B /* zhe-icgcb.c in Sources */,
			);
			runOnlyForDeploymentPostprocessing = 0;
		};
/* End PBXSourcesBuildPhase section */

/* Begin XCBuildConfiguration section */
		0305876B1EF92BEB0040F446 /* Debug */ = {
			isa = XCBuildConfiguration;
			buildSettings = {
				ALWAYS_SEARCH_USER_PATHS = NO;
				CLANG_ANALYZER_NONNULL = YES;
				CLANG_ANALYZER_NUMBER_OBJECT_CONVERSION = YES_AGGRESSIVE;
				CLANG_CXX_LANGUAGE_STANDARD = "gnu++0x";
				CLANG_CXX_LIBRARY = "libc++";
				CLANG_ENABLE_MODULES = YES;
				CLANG_ENABLE_OBJC_ARC = YES;
				CLANG_WARN_BLOCK_CAPTURE_AUTORELEASING = YES;
				CLANG_WARN_BOOL_CONVERSION = YES;
				CLANG_WARN_COMMA = YES;
				CLANG_WARN_CONSTANT_CONVERSION = YES;
				CLANG_WARN_DIRECT_OBJC_ISA_USAGE = YES_ERROR;
				CLANG_WARN_DOCUMENTATION_COMMENTS = YES;
				CLANG_WARN_EMPTY_BODY = YES;
				CLANG_WARN_ENUM_CONVERSION = YES;
				CLANG_WARN_INFINITE_RECURSION = YES;
				CLANG_WARN_INT_CONVERSION = YES;
				CLANG_WARN_NON_LITERAL_NULL_CONVERSION = YES;
				CLANG_WARN_OBJC_LITERAL_CONVERSION = YES;
				CLANG_WARN_OBJC_ROOT_CLASS = YES_ERROR;
				CLANG_WARN_RANGE_LOOP_ANALYSIS = YES;
				CLANG_WARN_STRICT_PROTOTYPES = YES;
				CLANG_WARN_SUSPICIOUS_MOVE = YES;
				CLANG_WARN_UNREACHABLE_CODE = YES;
				CLANG_WARN__DUPLICATE_METHOD_MATCH = YES;
				CODE_SIGN_IDENTITY = "";
				COPY_PHASE_STRIP = NO;
				DEBUG_INFORMATION_FORMAT = dwarf;
				ENABLE_STRICT_OBJC_MSGSEND = YES;
				ENABLE_TESTABILITY = YES;
				GCC_C_LANGUAGE_STANDARD = gnu99;
				GCC_DYNAMIC_NO_PIC = NO;
				GCC_NO_COMMON_BLOCKS = YES;
				GCC_OPTIMIZATION_LEVEL = 0;
				GCC_PREPROCESSOR_DEFINITIONS = (
					"DEBUG=1",
					"$(inherited)",
				);
				GCC_WARN_64_TO_32_BIT_CONVERSION = YES;
				GCC_WARN_ABOUT_RETURN_TYPE = YES_ERROR;
				GCC_WARN_UNDECLARED_SELECTOR = YES;
				GCC_WARN_UNINITIALIZED_AUTOS = YES_AGGRESSIVE;
				GCC_WARN_UNUSED_FUNCTION = YES;
				GCC_WARN_UNUSED_VARIABLE = YES;
				MACOSX_DEPLOYMENT_TARGET = 10.12;
				MTL_ENABLE_DEBUG_INFO = YES;
				ONLY_ACTIVE_ARCH = YES;
				SDKROOT = macosx;
			};
			name = Debug;
		};
		0305876C1EF92BEB0040F446 /* Release */ = {
			isa = XCBuildConfiguration;
			buildSettings = {
				ALWAYS_SEARCH_USER_PATHS = NO;
				CLANG_ANALYZER_NONNULL = YES;
				CLANG_ANALYZER_NUMBER_OBJECT_CONVERSION = YES_AGGRESSIVE;
				CLANG_CXX_LANGUAGE_STANDARD = "gnu++0x";
				CLANG_CXX_LIBRARY = "libc++";
				CLANG_ENABLE_MODULES = YES;
				CLANG_ENABLE_OBJC_ARC = YES;
				CLANG_WARN_BLOCK_CAPTURE_AUTORELEASING = YES;
				CLANG_WARN_BOOL_CONVERSION = YES;
				CLANG_WARN_COMMA = YES;
				CLANG_WARN_CONSTANT_CONVERSION = YES;
				CLANG_WARN_DIRECT_OBJC_ISA_USAGE = YES_ERROR;
				CLANG_WARN_DOCUMENTATION_COMMENTS = YES;
				CLANG_WARN_EMPTY_BODY = YES;
				CLANG_WARN_ENUM_CONVERSION = YES;
				CLANG_WARN_INFINITE_RECURSION = YES;
				CLANG_WARN_INT_CONVERSION = YES;
				CLANG_WARN_NON_LITERAL_NULL_CONVERSION = YES;
				CLANG_WARN_OBJC_LITERAL_CONVERSION = YES;
				CLANG_WARN_OBJC_ROOT_CLASS = YES_ERROR;
				CLANG_WARN_RANGE_LOOP_ANALYSIS = YES;
				CLANG_WARN_STRICT_PROTOTYPES = YES;
				CLANG_WARN_SUSPICIOUS_MOVE = YES;
				CLANG_WARN_UNREACHABLE_CODE = YES;
				CLANG_WARN__DUPLICATE_METHOD_MATCH = YES;
				CODE_SIGN_IDENTITY = "";
				COPY_PHASE_STRIP = NO;
				DEBUG_INFORMATION_FORMAT = "dwarf-with-dsym";
				ENABLE_NS_ASSERTIONS = NO;
				ENABLE_STRICT_OBJC_MSGSEND = YES;
				GCC_C_LANGUAGE_STANDARD = gnu99;
				GCC_NO_COMMON_BLOCKS = YES;
				GCC_PREPROCESSOR_DEFINITIONS = NDEBUG;
				GCC_WARN_64_TO_32_BIT_CONVERSION = YES;
				GCC_WARN_ABOUT_RETURN_TYPE = YES_ERROR;
				GCC_WARN_UNDECLARED_SELECTOR = YES;
				GCC_WARN_UNINITIALIZED_AUTOS = YES_AGGRESSIVE;
				GCC_WARN_UNUSED_FUNCTION = YES;
				GCC_WARN_UNUSED_VARIABLE = YES;
				MACOSX_DEPLOYMENT_TARGET = 10.12;
				MTL_ENABLE_DEBUG_INFO = NO;
				SDKROOT = macosx;
			};
			name = Release;
		};
		0305876E1EF92BEB0040F446 /* Debug */ = {
			isa = XCBuildConfiguration;
			buildSettings = {
				CLANG_WARN_ASSIGN_ENUM = YES;
				CLANG_WARN_IMPLICIT_SIGN_CONVERSION = YES;
				CLANG_WARN_SUSPICIOUS_IMPLICIT_CONVERSION = YES;
				GCC_PREPROCESSOR_DEFINITIONS = "$(inherited)";
				GCC_WARN_ABOUT_MISSING_PROTOTYPES = YES;
				GCC_WARN_SIGN_COMPARE = YES;
				PRODUCT_NAME = "$(TARGET_NAME)";
			};
			name = Debug;
		};
		0305876F1EF92BEB0040F446 /* Release */ = {
			isa = XCBuildConfiguration;
			buildSettings = {
				CLANG_WARN_ASSIGN_ENUM = YES;
				CLANG_WARN_IMPLICIT_SIGN_CONVERSION = YES;
				CLANG_WARN_SUSPICIOUS_IMPLICIT_CONVERSION = YES;
				GCC_WARN_ABOUT_MISSING_PROTOTYPES = YES;
				GCC_WARN_SIGN_COMPARE = YES;
				PRODUCT_NAME = "$(TARGET_NAME)";
			};
			name = Release;
		};
		036D95531F93D6A8003C047B /* Debug */ = {
			isa = XCBuildConfiguration;
			buildSettings = {
				CLANG_WARN_ASSIGN_ENUM = YES;
				CLANG_WARN_IMPLICIT_SIGN_CONVERSION = YES;
				CLANG_WARN_SUSPICIOUS_IMPLICIT_CONVERSION = YES;
				GCC_PREPROCESSOR_DEFINITIONS = "$(inherited)";
				GCC_WARN_ABOUT_MISSING_PROTOTYPES = YES;
				GCC_WARN_SIGN_COMPARE = YES;
				PRODUCT_NAME = "$(TARGET_NAME)";
			};
			name = Debug;
		};
		036D95541F93D6A8003C047B /* Release */ = {
			isa = XCBuildConfiguration;
			buildSettings = {
				CLANG_WARN_ASSIGN_ENUM = YES;
				CLANG_WARN_IMPLICIT_SIGN_CONVERSION = YES;
				CLANG_WARN_SUSPICIOUS_IMPLICIT_CONVERSION = YES;
				GCC_WARN_ABOUT_MISSING_PROTOTYPES = YES;
				GCC_WARN_SIGN_COMPARE = YES;
				PRODUCT_NAME = "$(TARGET_NAME)";
			};
			name = Release;
		};
		037208EE1F70E92600AE2144 /* Debug */ = {
			isa = XCBuildConfiguration;
			buildSettings = {
				CLANG_WARN_ASSIGN_ENUM = YES;
				CLANG_WARN_IMPLICIT_SIGN_CONVERSION = YES;
				CLANG_WARN_SUSPICIOUS_IMPLICIT_CONVERSION = YES;
				GCC_PREPROCESSOR_DEFINITIONS = "$(inherited)";
				GCC_WARN_ABOUT_MISSING_PROTOTYPES = YES;
				GCC_WARN_SIGN_COMPARE = YES;
				PRODUCT_NAME = "$(TARGET_NAME)";
			};
			name = Debug;
		};
		037208EF1F70E92600AE2144 /* Release */ = {
			isa = XCBuildConfiguration;
			buildSettings = {
				CLANG_WARN_ASSIGN_ENUM = YES;
				CLANG_WARN_IMPLICIT_SIGN_CONVERSION = YES;
				CLANG_WARN_SUSPICIOUS_IMPLICIT_CONVERSION = YES;
				GCC_WARN_ABOUT_MISSING_PROTOTYPES = YES;
				GCC_WARN_SIGN_COMPARE = YES;
				PRODUCT_NAME = "$(TARGET_NAME)";
			};
			name = Release;
		};
/* End XCBuildConfiguration section */

/* Begin XCConfigurationList section */
		030587611EF92BEB0040F446 /* Build configuration list for PBXProject "zhe" */ = {
			isa = XCConfigurationList;
			buildConfigurations = (
				0305876B1EF92BEB0040F446 /* Debug */,
				0305876C1EF92BEB0040F446 /* Release */,
			);
			defaultConfigurationIsVisible = 0;
			defaultConfigurationName = Release;
		};
		0305876D1EF92BEB0040F446 /* Build configuration list for PBXNativeTarget "throughput" */ = {
			isa = XCConfigurationList;
			buildConfigurations = (
				0305876E1EF92BEB0040F446 /* Debug */,
				0305876F1EF92BEB0040F446 /* Release */,
			);
			defaultConfigurationIsVisible = 0;
			defaultConfigurationName = Release;
		};
		036D95521F93D6A8003C047B /* Build configuration list for PBXNativeTarget "icgcbtest" */ = {
			isa = XCConfigurationList;
			buildConfigurations = (
				036D95531F93D6A8003C047B /* Debug */,
				036D95541F93D6A8003C047B /* Release */,
			);
			defaultConfigurationIsVisible = 0;
			defaultConfigurationName = Release;
		};
		037208ED1F70E92600AE2144 /* Build configuration list for PBXNativeTarget "roundtrip" */ = {
			isa = XCConfigurationList;
			buildConfigurations = (
				037208EE1F70E92600AE2144 /* Debug */,
				037208EF1F70E92600AE2144 /* Release */,
			);
			defaultConfigurationIsVisible = 0;
			defaultConfigurationName = Release;
		};
/* End XCConfigurationList section */
	};
	rootObject = 0305875E1EF92BEB0040F446 /* Project object */;
}
