// !$*UTF8*$!
{
	archiveVersion = 1;
	classes = {
	};
	objectVersion = 46;
	objects = {

/* Begin PBXBuildFile section */
		03041669202F39C8000EC6AF /* zhe-arylist.h in Headers */ = {isa = PBXBuildFile; fileRef = 03041667202F39C8000EC6AF /* zhe-arylist.h */; };
		0304166A202F39C8000EC6AF /* zhe-package.h in Headers */ = {isa = PBXBuildFile; fileRef = 03041668202F39C8000EC6AF /* zhe-package.h */; };
		030416DD202F505A000EC6AF /* platform-udp.h in Headers */ = {isa = PBXBuildFile; fileRef = 03041684202F505A000EC6AF /* platform-udp.h */; };
		030416DE202F505A000EC6AF /* zhe-assert.h in Headers */ = {isa = PBXBuildFile; fileRef = 03041685202F505A000EC6AF /* zhe-assert.h */; };
		030416DF202F505A000EC6AF /* zhe-util.c in Sources */ = {isa = PBXBuildFile; fileRef = 03041686202F505A000EC6AF /* zhe-util.c */; };
		030416E0202F505A000EC6AF /* platform-udp.c in Sources */ = {isa = PBXBuildFile; fileRef = 03041687202F505A000EC6AF /* platform-udp.c */; };
		030416E1202F505A000EC6AF /* zhe-util.h in Headers */ = {isa = PBXBuildFile; fileRef = 03041688202F505A000EC6AF /* zhe-util.h */; };
		0304171C202F505A000EC6AF /* sub.c in Sources */ = {isa = PBXBuildFile; fileRef = 030416C8202F505A000EC6AF /* sub.c */; };
		0304171D202F505A000EC6AF /* pub.c in Sources */ = {isa = PBXBuildFile; fileRef = 030416C9202F505A000EC6AF /* pub.c */; };
		0304171E202F505A000EC6AF /* roundtrip.c in Sources */ = {isa = PBXBuildFile; fileRef = 030416CB202F505A000EC6AF /* roundtrip.c */; };
		0304171F202F505A000EC6AF /* zhe-config-int.h in Headers */ = {isa = PBXBuildFile; fileRef = 030416CE202F505A000EC6AF /* zhe-config-int.h */; };
		03041720202F505A000EC6AF /* zhe-config.h in Headers */ = {isa = PBXBuildFile; fileRef = 030416CF202F505A000EC6AF /* zhe-config.h */; };
		03041721202F505A000EC6AF /* zhe-config-int.h in Headers */ = {isa = PBXBuildFile; fileRef = 030416D1202F505A000EC6AF /* zhe-config-int.h */; };
		03041722202F505A000EC6AF /* zhe-config.h in Headers */ = {isa = PBXBuildFile; fileRef = 030416D2202F505A000EC6AF /* zhe-config.h */; };
		03041723202F505A000EC6AF /* zhe-config-int.h in Headers */ = {isa = PBXBuildFile; fileRef = 030416D4202F505A000EC6AF /* zhe-config-int.h */; };
		03041724202F505A000EC6AF /* zhe-config.h in Headers */ = {isa = PBXBuildFile; fileRef = 030416D5202F505A000EC6AF /* zhe-config.h */; };
		03041725202F505A000EC6AF /* zhe-config-int.h in Headers */ = {isa = PBXBuildFile; fileRef = 030416D7202F505A000EC6AF /* zhe-config-int.h */; };
		03041726202F505A000EC6AF /* zhe-config.h in Headers */ = {isa = PBXBuildFile; fileRef = 030416D8202F505A000EC6AF /* zhe-config.h */; };
		03041727202F505A000EC6AF /* throughput.c in Sources */ = {isa = PBXBuildFile; fileRef = 030416DC202F505A000EC6AF /* throughput.c */; };
		03041728202F506C000EC6AF /* throughput.c in Sources */ = {isa = PBXBuildFile; fileRef = 030416DC202F505A000EC6AF /* throughput.c */; };
		03041729202F5070000EC6AF /* roundtrip.c in Sources */ = {isa = PBXBuildFile; fileRef = 030416CB202F505A000EC6AF /* roundtrip.c */; };
		0304173A202F5088000EC6AF /* icgcbtest.c in Sources */ = {isa = PBXBuildFile; fileRef = 03041738202F5088000EC6AF /* icgcbtest.c */; };
		0362B515202085E700EF87EC /* zhe-uri.c in Sources */ = {isa = PBXBuildFile; fileRef = 0362B512202085E700EF87EC /* zhe-uri.c */; };
		036D95461F93D6A8003C047B /* zhe-icgcb.c in Sources */ = {isa = PBXBuildFile; fileRef = 036D953F1F8CF05D003C047B /* zhe-icgcb.c */; };
		0387A4BA202C853100599E82 /* zhe-binheap.c in Sources */ = {isa = PBXBuildFile; fileRef = 034BDF821F5472F700F261D1 /* zhe-binheap.c */; };
		0387A4BC202C853100599E82 /* zhe-bitset.c in Sources */ = {isa = PBXBuildFile; fileRef = 034BDF841F5472F700F261D1 /* zhe-bitset.c */; };
		0387A4C0202C853100599E82 /* zhe-icgcb.c in Sources */ = {isa = PBXBuildFile; fileRef = 036D953F1F8CF05D003C047B /* zhe-icgcb.c */; };
		0387A4C4202C853100599E82 /* zhe-pack.c in Sources */ = {isa = PBXBuildFile; fileRef = 034BDF861F5472F700F261D1 /* zhe-pack.c */; };
		0387A4C7202C853100599E82 /* zhe-pubsub.c in Sources */ = {isa = PBXBuildFile; fileRef = 034BDF8A1F5472F700F261D1 /* zhe-pubsub.c */; };
		0387A4CB202C853100599E82 /* zhe-unpack.c in Sources */ = {isa = PBXBuildFile; fileRef = 034BDF8E1F5472F700F261D1 /* zhe-unpack.c */; };
		0387A4CD202C853100599E82 /* zhe-uri.c in Sources */ = {isa = PBXBuildFile; fileRef = 0362B512202085E700EF87EC /* zhe-uri.c */; };
		0387A4CF202C853100599E82 /* zhe-uristore.c in Sources */ = {isa = PBXBuildFile; fileRef = 036F3B601F975F7700987F3B /* zhe-uristore.c */; };
		0387A4D1202C853100599E82 /* zhe.c in Sources */ = {isa = PBXBuildFile; fileRef = 034BDF961F5472F700F261D1 /* zhe.c */; };
		0387A4D4202C856100599E82 /* liblibzhe.a in Frameworks */ = {isa = PBXBuildFile; fileRef = 0387A4B6202C852200599E82 /* liblibzhe.a */; };
		0387A4D5202C856F00599E82 /* liblibzhe.a in Frameworks */ = {isa = PBXBuildFile; fileRef = 0387A4B6202C852200599E82 /* liblibzhe.a */; };
/* End PBXBuildFile section */

/* Begin PBXCopyFilesBuildPhase section */
		030587641EF92BEB0040F446 /* CopyFiles */ = {
			isa = PBXCopyFilesBuildPhase;
			buildActionMask = 2147483647;
			dstPath = /usr/share/man/man1/;
			dstSubfolderSpec = 0;
			files = (
			);
			runOnlyForDeploymentPostprocessing = 1;
		};
		036D95511F93D6A8003C047B /* CopyFiles */ = {
			isa = PBXCopyFilesBuildPhase;
			buildActionMask = 2147483647;
			dstPath = /usr/share/man/man1/;
			dstSubfolderSpec = 0;
			files = (
			);
			runOnlyForDeploymentPostprocessing = 1;
		};
		037208EC1F70E92600AE2144 /* CopyFiles */ = {
			isa = PBXCopyFilesBuildPhase;
			buildActionMask = 2147483647;
			dstPath = /usr/share/man/man1/;
			dstSubfolderSpec = 0;
			files = (
			);
			runOnlyForDeploymentPostprocessing = 1;
		};
/* End PBXCopyFilesBuildPhase section */

/* Begin PBXFileReference section */
		03041667202F39C8000EC6AF /* zhe-arylist.h */ = {isa = PBXFileReference; fileEncoding = 4; lastKnownFileType = sourcecode.c.h; name = "zhe-arylist.h"; path = "src/zhe-arylist.h"; sourceTree = SOURCE_ROOT; };
		03041668202F39C8000EC6AF /* zhe-package.h */ = {isa = PBXFileReference; fileEncoding = 4; lastKnownFileType = sourcecode.c.h; name = "zhe-package.h"; path = "src/zhe-package.h"; sourceTree = SOURCE_ROOT; };
		03041684202F505A000EC6AF /* platform-udp.h */ = {isa = PBXFileReference; fileEncoding = 4; lastKnownFileType = sourcecode.c.h; path = "platform-udp.h"; sourceTree = "<group>"; };
		03041685202F505A000EC6AF /* zhe-assert.h */ = {isa = PBXFileReference; fileEncoding = 4; lastKnownFileType = sourcecode.c.h; path = "zhe-assert.h"; sourceTree = "<group>"; };
		03041686202F505A000EC6AF /* zhe-util.c */ = {isa = PBXFileReference; fileEncoding = 4; lastKnownFileType = sourcecode.c.c; path = "zhe-util.c"; sourceTree = "<group>"; };
		03041687202F505A000EC6AF /* platform-udp.c */ = {isa = PBXFileReference; fileEncoding = 4; lastKnownFileType = sourcecode.c.c; path = "platform-udp.c"; sourceTree = "<group>"; };
		03041688202F505A000EC6AF /* zhe-util.h */ = {isa = PBXFileReference; fileEncoding = 4; lastKnownFileType = sourcecode.c.h; path = "zhe-util.h"; sourceTree = "<group>"; };
		030416C8202F505A000EC6AF /* sub.c */ = {isa = PBXFileReference; fileEncoding = 4; lastKnownFileType = sourcecode.c.c; path = sub.c; sourceTree = "<group>"; };
		030416C9202F505A000EC6AF /* pub.c */ = {isa = PBXFileReference; fileEncoding = 4; lastKnownFileType = sourcecode.c.c; path = pub.c; sourceTree = "<group>"; };
		030416CB202F505A000EC6AF /* roundtrip.c */ = {isa = PBXFileReference; fileEncoding = 4; lastKnownFileType = sourcecode.c.c; path = roundtrip.c; sourceTree = "<group>"; };
		030416CE202F505A000EC6AF /* zhe-config-int.h */ = {isa = PBXFileReference; fileEncoding = 4; lastKnownFileType = sourcecode.c.h; path = "zhe-config-int.h"; sourceTree = "<group>"; };
		030416CF202F505A000EC6AF /* zhe-config.h */ = {isa = PBXFileReference; fileEncoding = 4; lastKnownFileType = sourcecode.c.h; path = "zhe-config.h"; sourceTree = "<group>"; };
		030416D1202F505A000EC6AF /* zhe-config-int.h */ = {isa = PBXFileReference; fileEncoding = 4; lastKnownFileType = sourcecode.c.h; path = "zhe-config-int.h"; sourceTree = "<group>"; };
		030416D2202F505A000EC6AF /* zhe-config.h */ = {isa = PBXFileReference; fileEncoding = 4; lastKnownFileType = sourcecode.c.h; path = "zhe-config.h"; sourceTree = "<group>"; };
		030416D4202F505A000EC6AF /* zhe-config-int.h */ = {isa = PBXFileReference; fileEncoding = 4; lastKnownFileType = sourcecode.c.h; path = "zhe-config-int.h"; sourceTree = "<group>"; };
		030416D5202F505A000EC6AF /* zhe-config.h */ = {isa = PBXFileReference; fileEncoding = 4; lastKnownFileType = sourcecode.c.h; path = "zhe-config.h"; sourceTree = "<group>"; };
		030416D7202F505A000EC6AF /* zhe-config-int.h */ = {isa = PBXFileReference; fileEncoding = 4; lastKnownFileType = sourcecode.c.h; path = "zhe-config-int.h"; sourceTree = "<group>"; };
		030416D8202F505A000EC6AF /* zhe-config.h */ = {isa = PBXFileReference; fileEncoding = 4; lastKnownFileType = sourcecode.c.h; path = "zhe-config.h"; sourceTree = "<group>"; };
		030416DC202F505A000EC6AF /* throughput.c */ = {isa = PBXFileReference; fileEncoding = 4; lastKnownFileType = sourcecode.c.c; path = throughput.c; sourceTree = "<group>"; };
		03041738202F5088000EC6AF /* icgcbtest.c */ = {isa = PBXFileReference; fileEncoding = 4; lastKnownFileType = sourcecode.c.c; path = icgcbtest.c; sourceTree = "<group>"; };
		030587661EF92BEB0040F446 /* throughput */ = {isa = PBXFileReference; explicitFileType = "compiled.mach-o.executable"; includeInIndex = 0; path = throughput; sourceTree = BUILT_PRODUCTS_DIR; };
		034BDF811F5472F700F261D1 /* zhe-platform.h */ = {isa = PBXFileReference; fileEncoding = 4; lastKnownFileType = sourcecode.c.h; name = "zhe-platform.h"; path = "src/zhe-platform.h"; sourceTree = SOURCE_ROOT; };
		034BDF821F5472F700F261D1 /* zhe-binheap.c */ = {isa = PBXFileReference; fileEncoding = 4; lastKnownFileType = sourcecode.c.c; name = "zhe-binheap.c"; path = "src/zhe-binheap.c"; sourceTree = SOURCE_ROOT; };
		034BDF831F5472F700F261D1 /* zhe-binheap.h */ = {isa = PBXFileReference; fileEncoding = 4; lastKnownFileType = sourcecode.c.h; name = "zhe-binheap.h"; path = "src/zhe-binheap.h"; sourceTree = SOURCE_ROOT; };
		034BDF841F5472F700F261D1 /* zhe-bitset.c */ = {isa = PBXFileReference; fileEncoding = 4; lastKnownFileType = sourcecode.c.c; name = "zhe-bitset.c"; path = "src/zhe-bitset.c"; sourceTree = SOURCE_ROOT; };
		034BDF851F5472F700F261D1 /* zhe-bitset.h */ = {isa = PBXFileReference; fileEncoding = 4; lastKnownFileType = sourcecode.c.h; name = "zhe-bitset.h"; path = "src/zhe-bitset.h"; sourceTree = SOURCE_ROOT; };
		034BDF861F5472F700F261D1 /* zhe-pack.c */ = {isa = PBXFileReference; fileEncoding = 4; lastKnownFileType = sourcecode.c.c; name = "zhe-pack.c"; path = "src/zhe-pack.c"; sourceTree = SOURCE_ROOT; };
		034BDF871F5472F700F261D1 /* zhe-pack.h */ = {isa = PBXFileReference; fileEncoding = 4; lastKnownFileType = sourcecode.c.h; name = "zhe-pack.h"; path = "src/zhe-pack.h"; sourceTree = SOURCE_ROOT; };
		034BDF8A1F5472F700F261D1 /* zhe-pubsub.c */ = {isa = PBXFileReference; fileEncoding = 4; lastKnownFileType = sourcecode.c.c; name = "zhe-pubsub.c"; path = "src/zhe-pubsub.c"; sourceTree = SOURCE_ROOT; };
		034BDF8B1F5472F700F261D1 /* zhe-pubsub.h */ = {isa = PBXFileReference; fileEncoding = 4; lastKnownFileType = sourcecode.c.h; name = "zhe-pubsub.h"; path = "src/zhe-pubsub.h"; sourceTree = SOURCE_ROOT; };
		034BDF8E1F5472F700F261D1 /* zhe-unpack.c */ = {isa = PBXFileReference; fileEncoding = 4; lastKnownFileType = sourcecode.c.c; name = "zhe-unpack.c"; path = "src/zhe-unpack.c"; sourceTree = SOURCE_ROOT; };
		034BDF8F1F5472F700F261D1 /* zhe-unpack.h */ = {isa = PBXFileReference; fileEncoding = 4; lastKnownFileType = sourcecode.c.h; name = "zhe-unpack.h"; path = "src/zhe-unpack.h"; sourceTree = SOURCE_ROOT; };
		034BDF911F5472F700F261D1 /* zhe-config-deriv.h */ = {isa = PBXFileReference; fileEncoding = 4; lastKnownFileType = sourcecode.c.h; name = "zhe-config-deriv.h"; path = "src/zhe-config-deriv.h"; sourceTree = SOURCE_ROOT; };
		034BDF921F5472F700F261D1 /* zhe-int.h */ = {isa = PBXFileReference; fileEncoding = 4; lastKnownFileType = sourcecode.c.h; name = "zhe-int.h"; path = "src/zhe-int.h"; sourceTree = SOURCE_ROOT; };
		034BDF931F5472F700F261D1 /* zhe-msg.h */ = {isa = PBXFileReference; fileEncoding = 4; lastKnownFileType = sourcecode.c.h; name = "zhe-msg.h"; path = "src/zhe-msg.h"; sourceTree = SOURCE_ROOT; };
		034BDF941F5472F700F261D1 /* zhe-rid.h */ = {isa = PBXFileReference; fileEncoding = 4; lastKnownFileType = sourcecode.c.h; name = "zhe-rid.h"; path = "src/zhe-rid.h"; sourceTree = SOURCE_ROOT; };
		034BDF951F5472F700F261D1 /* zhe-tracing.h */ = {isa = PBXFileReference; fileEncoding = 4; lastKnownFileType = sourcecode.c.h; name = "zhe-tracing.h"; path = "src/zhe-tracing.h"; sourceTree = SOURCE_ROOT; };
		034BDF961F5472F700F261D1 /* zhe.c */ = {isa = PBXFileReference; fileEncoding = 4; lastKnownFileType = sourcecode.c.c; name = zhe.c; path = src/zhe.c; sourceTree = SOURCE_ROOT; };
		034BDF971F5472F700F261D1 /* zhe.h */ = {isa = PBXFileReference; fileEncoding = 4; lastKnownFileType = sourcecode.c.h; name = zhe.h; path = src/zhe.h; sourceTree = SOURCE_ROOT; };
		0362B511202085E700EF87EC /* zhe-uri.h */ = {isa = PBXFileReference; lastKnownFileType = sourcecode.c.h; name = "zhe-uri.h"; path = "src/zhe-uri.h"; sourceTree = SOURCE_ROOT; };
		0362B512202085E700EF87EC /* zhe-uri.c */ = {isa = PBXFileReference; lastKnownFileType = sourcecode.c.c; name = "zhe-uri.c"; path = "src/zhe-uri.c"; sourceTree = SOURCE_ROOT; };
		036D953F1F8CF05D003C047B /* zhe-icgcb.c */ = {isa = PBXFileReference; fileEncoding = 4; lastKnownFileType = sourcecode.c.c; name = "zhe-icgcb.c"; path = "src/zhe-icgcb.c"; sourceTree = SOURCE_ROOT; };
		036D95411F93CFD3003C047B /* zhe-icgcb.h */ = {isa = PBXFileReference; fileEncoding = 4; lastKnownFileType = sourcecode.c.h; name = "zhe-icgcb.h"; path = "src/zhe-icgcb.h"; sourceTree = SOURCE_ROOT; };
		036D95551F93D6A8003C047B /* icgcbtest */ = {isa = PBXFileReference; explicitFileType = "compiled.mach-o.executable"; includeInIndex = 0; path = icgcbtest; sourceTree = BUILT_PRODUCTS_DIR; };
		036F3B601F975F7700987F3B /* zhe-uristore.c */ = {isa = PBXFileReference; fileEncoding = 4; lastKnownFileType = sourcecode.c.c; name = "zhe-uristore.c"; path = "src/zhe-uristore.c"; sourceTree = SOURCE_ROOT; };
		036F3B641F97720800987F3B /* zhe-uristore.h */ = {isa = PBXFileReference; lastKnownFileType = sourcecode.c.h; name = "zhe-uristore.h"; path = "src/zhe-uristore.h"; sourceTree = SOURCE_ROOT; };
		037208F01F70E92600AE2144 /* roundtrip */ = {isa = PBXFileReference; explicitFileType = "compiled.mach-o.executable"; includeInIndex = 0; path = roundtrip; sourceTree = BUILT_PRODUCTS_DIR; };
		0387A4B1202B842600599E82 /* zhe-simpleset.h */ = {isa = PBXFileReference; lastKnownFileType = sourcecode.c.h; name = "zhe-simpleset.h"; path = "src/zhe-simpleset.h"; sourceTree = SOURCE_ROOT; };
		0387A4B6202C852200599E82 /* liblibzhe.a */ = {isa = PBXFileReference; explicitFileType = archive.ar; includeInIndex = 0; path = liblibzhe.a; sourceTree = BUILT_PRODUCTS_DIR; };
		0394B85D1F72C92700ABE751 /* README.md */ = {isa = PBXFileReference; lastKnownFileType = net.daringfireball.markdown; path = README.md; sourceTree = "<group>"; };
		03EBCBF41FABF9E7006E316D /* TODO.md */ = {isa = PBXFileReference; lastKnownFileType = net.daringfireball.markdown; path = TODO.md; sourceTree = "<group>"; };
/* End PBXFileReference section */

/* Begin PBXFrameworksBuildPhase section */
		030587631EF92BEB0040F446 /* Frameworks */ = {
			isa = PBXFrameworksBuildPhase;
			buildActionMask = 2147483647;
			files = (
				0387A4D4202C856100599E82 /* liblibzhe.a in Frameworks */,
			);
			runOnlyForDeploymentPostprocessing = 0;
		};
		036D95501F93D6A8003C047B /* Frameworks */ = {
			isa = PBXFrameworksBuildPhase;
			buildActionMask = 2147483647;
			files = (
			);
			runOnlyForDeploymentPostprocessing = 0;
		};
		037208EB1F70E92600AE2144 /* Frameworks */ = {
			isa = PBXFrameworksBuildPhase;
			buildActionMask = 2147483647;
			files = (
				0387A4D5202C856F00599E82 /* liblibzhe.a in Frameworks */,
			);
			runOnlyForDeploymentPostprocessing = 0;
		};
		0387A4B3202C852200599E82 /* Frameworks */ = {
			isa = PBXFrameworksBuildPhase;
			buildActionMask = 2147483647;
			files = (
			);
			runOnlyForDeploymentPostprocessing = 0;
		};
/* End PBXFrameworksBuildPhase section */

/* Begin PBXGroup section */
		03041682202F505A000EC6AF /* example */ = {
			isa = PBXGroup;
			children = (
				03041683202F505A000EC6AF /* platform */,
				030416DB202F505A000EC6AF /* throughput */,
				030416CA202F505A000EC6AF /* roundtrip */,
				030416C7202F505A000EC6AF /* simple */,
				030416CC202F505A000EC6AF /* configs */,
			);
			path = example;
			sourceTree = "<group>";
		};
		03041683202F505A000EC6AF /* platform */ = {
			isa = PBXGroup;
			children = (
				03041684202F505A000EC6AF /* platform-udp.h */,
				03041685202F505A000EC6AF /* zhe-assert.h */,
				03041686202F505A000EC6AF /* zhe-util.c */,
				03041687202F505A000EC6AF /* platform-udp.c */,
				03041688202F505A000EC6AF /* zhe-util.h */,
			);
			path = platform;
			sourceTree = "<group>";
		};
		030416C7202F505A000EC6AF /* simple */ = {
			isa = PBXGroup;
			children = (
				030416C8202F505A000EC6AF /* sub.c */,
				030416C9202F505A000EC6AF /* pub.c */,
			);
			path = simple;
			sourceTree = "<group>";
		};
		030416CA202F505A000EC6AF /* roundtrip */ = {
			isa = PBXGroup;
			children = (
				030416CB202F505A000EC6AF /* roundtrip.c */,
			);
			path = roundtrip;
			sourceTree = "<group>";
		};
		030416CC202F505A000EC6AF /* configs */ = {
			isa = PBXGroup;
			children = (
				030416CD202F505A000EC6AF /* p2p-large */,
				030416D0202F505A000EC6AF /* p2p-small */,
				030416D3202F505A000EC6AF /* p2p */,
				030416D6202F505A000EC6AF /* client-large */,
			);
			path = configs;
			sourceTree = "<group>";
		};
		030416CD202F505A000EC6AF /* p2p-large */ = {
			isa = PBXGroup;
			children = (
				030416CE202F505A000EC6AF /* zhe-config-int.h */,
				030416CF202F505A000EC6AF /* zhe-config.h */,
			);
			path = "p2p-large";
			sourceTree = "<group>";
		};
		030416D0202F505A000EC6AF /* p2p-small */ = {
			isa = PBXGroup;
			children = (
				030416D1202F505A000EC6AF /* zhe-config-int.h */,
				030416D2202F505A000EC6AF /* zhe-config.h */,
			);
			path = "p2p-small";
			sourceTree = "<group>";
		};
		030416D3202F505A000EC6AF /* p2p */ = {
			isa = PBXGroup;
			children = (
				030416D4202F505A000EC6AF /* zhe-config-int.h */,
				030416D5202F505A000EC6AF /* zhe-config.h */,
			);
			path = p2p;
			sourceTree = "<group>";
		};
		030416D6202F505A000EC6AF /* client-large */ = {
			isa = PBXGroup;
			children = (
				030416D7202F505A000EC6AF /* zhe-config-int.h */,
				030416D8202F505A000EC6AF /* zhe-config.h */,
			);
			path = "client-large";
			sourceTree = "<group>";
		};
		030416DB202F505A000EC6AF /* throughput */ = {
			isa = PBXGroup;
			children = (
				030416DC202F505A000EC6AF /* throughput.c */,
			);
			path = throughput;
			sourceTree = "<group>";
		};
		0304172A202F5088000EC6AF /* test */ = {
			isa = PBXGroup;
			children = (
				03041738202F5088000EC6AF /* icgcbtest.c */,
			);
			path = test;
			sourceTree = "<group>";
		};
		0305875D1EF92BEB0040F446 = {
			isa = PBXGroup;
			children = (
				03EBCBF41FABF9E7006E316D /* TODO.md */,
				0394B85D1F72C92700ABE751 /* README.md */,
				030587681EF92BEB0040F446 /* src */,
				03041682202F505A000EC6AF /* example */,
				0304172A202F5088000EC6AF /* test */,
				030587671EF92BEB0040F446 /* Products */,
				0387A4D3202C856100599E82 /* Frameworks */,
			);
			indentWidth = 4;
			sourceTree = "<group>";
		};
		030587671EF92BEB0040F446 /* Products */ = {
			isa = PBXGroup;
			children = (
				030587661EF92BEB0040F446 /* throughput */,
				037208F01F70E92600AE2144 /* roundtrip */,
				036D95551F93D6A8003C047B /* icgcbtest */,
				0387A4B6202C852200599E82 /* liblibzhe.a */,
			);
			name = Products;
			sourceTree = "<group>";
		};
		030587681EF92BEB0040F446 /* src */ = {
			isa = PBXGroup;
			children = (
				03041667202F39C8000EC6AF /* zhe-arylist.h */,
				034BDF821F5472F700F261D1 /* zhe-binheap.c */,
				034BDF831F5472F700F261D1 /* zhe-binheap.h */,
				034BDF841F5472F700F261D1 /* zhe-bitset.c */,
				034BDF851F5472F700F261D1 /* zhe-bitset.h */,
				034BDF911F5472F700F261D1 /* zhe-config-deriv.h */,
				036D953F1F8CF05D003C047B /* zhe-icgcb.c */,
				036D95411F93CFD3003C047B /* zhe-icgcb.h */,
				034BDF921F5472F700F261D1 /* zhe-int.h */,
				034BDF931F5472F700F261D1 /* zhe-msg.h */,
				034BDF861F5472F700F261D1 /* zhe-pack.c */,
				034BDF871F5472F700F261D1 /* zhe-pack.h */,
				03041668202F39C8000EC6AF /* zhe-package.h */,
				034BDF811F5472F700F261D1 /* zhe-platform.h */,
				034BDF8A1F5472F700F261D1 /* zhe-pubsub.c */,
				034BDF8B1F5472F700F261D1 /* zhe-pubsub.h */,
				034BDF941F5472F700F261D1 /* zhe-rid.h */,
				0387A4B1202B842600599E82 /* zhe-simpleset.h */,
				034BDF951F5472F700F261D1 /* zhe-tracing.h */,
				034BDF8E1F5472F700F261D1 /* zhe-unpack.c */,
				034BDF8F1F5472F700F261D1 /* zhe-unpack.h */,
				0362B512202085E700EF87EC /* zhe-uri.c */,
				0362B511202085E700EF87EC /* zhe-uri.h */,
				036F3B601F975F7700987F3B /* zhe-uristore.c */,
				036F3B641F97720800987F3B /* zhe-uristore.h */,
				034BDF961F5472F700F261D1 /* zhe.c */,
				034BDF971F5472F700F261D1 /* zhe.h */,
			);
			name = src;
			path = .;
			sourceTree = "<group>";
		};
		0387A4D3202C856100599E82 /* Frameworks */ = {
			isa = PBXGroup;
			children = (
			);
			name = Frameworks;
			sourceTree = "<group>";
		};
/* End PBXGroup section */

/* Begin PBXHeadersBuildPhase section */
		0387A4B4202C852200599E82 /* Headers */ = {
			isa = PBXHeadersBuildPhase;
			buildActionMask = 2147483647;
			files = (
				03041722202F505A000EC6AF /* zhe-config.h in Headers */,
				03041723202F505A000EC6AF /* zhe-config-int.h in Headers */,
				03041721202F505A000EC6AF /* zhe-config-int.h in Headers */,
				03041724202F505A000EC6AF /* zhe-config.h in Headers */,
				03041725202F505A000EC6AF /* zhe-config-int.h in Headers */,
				03041720202F505A000EC6AF /* zhe-config.h in Headers */,
				0304171F202F505A000EC6AF /* zhe-config-int.h in Headers */,
				03041726202F505A000EC6AF /* zhe-config.h in Headers */,
				030416DE202F505A000EC6AF /* zhe-assert.h in Headers */,
				03041669202F39C8000EC6AF /* zhe-arylist.h in Headers */,
				030416DD202F505A000EC6AF /* platform-udp.h in Headers */,
				030416E1202F505A000EC6AF /* zhe-util.h in Headers */,
				0304166A202F39C8000EC6AF /* zhe-package.h in Headers */,
			);
			runOnlyForDeploymentPostprocessing = 0;
		};
/* End PBXHeadersBuildPhase section */

/* Begin PBXNativeTarget section */
		030587651EF92BEB0040F446 /* throughput */ = {
			isa = PBXNativeTarget;
			buildConfigurationList = 0305876D1EF92BEB0040F446 /* Build configuration list for PBXNativeTarget "throughput" */;
			buildPhases = (
				030587621EF92BEB0040F446 /* Sources */,
				030587631EF92BEB0040F446 /* Frameworks */,
				030587641EF92BEB0040F446 /* CopyFiles */,
			);
			buildRules = (
			);
			dependencies = (
			);
			name = throughput;
			productName = zhe;
			productReference = 030587661EF92BEB0040F446 /* throughput */;
			productType = "com.apple.product-type.tool";
		};
		036D95441F93D6A8003C047B /* icgcbtest */ = {
			isa = PBXNativeTarget;
			buildConfigurationList = 036D95521F93D6A8003C047B /* Build configuration list for PBXNativeTarget "icgcbtest" */;
			buildPhases = (
				036D95451F93D6A8003C047B /* Sources */,
				036D95501F93D6A8003C047B /* Frameworks */,
				036D95511F93D6A8003C047B /* CopyFiles */,
			);
			buildRules = (
			);
			dependencies = (
			);
			name = icgcbtest;
			productName = zhe;
			productReference = 036D95551F93D6A8003C047B /* icgcbtest */;
			productType = "com.apple.product-type.tool";
		};
		037208E11F70E92600AE2144 /* roundtrip */ = {
			isa = PBXNativeTarget;
			buildConfigurationList = 037208ED1F70E92600AE2144 /* Build configuration list for PBXNativeTarget "roundtrip" */;
			buildPhases = (
				037208E21F70E92600AE2144 /* Sources */,
				037208EB1F70E92600AE2144 /* Frameworks */,
				037208EC1F70E92600AE2144 /* CopyFiles */,
			);
			buildRules = (
			);
			dependencies = (
			);
			name = roundtrip;
			productName = zhe;
			productReference = 037208F01F70E92600AE2144 /* roundtrip */;
			productType = "com.apple.product-type.tool";
		};
		0387A4B5202C852200599E82 /* libzhe */ = {
			isa = PBXNativeTarget;
			buildConfigurationList = 0387A4B7202C852200599E82 /* Build configuration list for PBXNativeTarget "libzhe" */;
			buildPhases = (
				0387A4B2202C852200599E82 /* Sources */,
				0387A4B3202C852200599E82 /* Frameworks */,
				0387A4B4202C852200599E82 /* Headers */,
			);
			buildRules = (
			);
			dependencies = (
			);
			name = libzhe;
			productName = libzhe;
			productReference = 0387A4B6202C852200599E82 /* liblibzhe.a */;
			productType = "com.apple.product-type.library.static";
		};
/* End PBXNativeTarget section */

/* Begin PBXProject section */
		0305875E1EF92BEB0040F446 /* Project object */ = {
			isa = PBXProject;
			attributes = {
				LastUpgradeCheck = 0900;
				ORGANIZATIONNAME = "ADLINK ATO";
				TargetAttributes = {
					030587651EF92BEB0040F446 = {
						CreatedOnToolsVersion = 8.3.3;
						ProvisioningStyle = Automatic;
					};
					0387A4B5202C852200599E82 = {
						CreatedOnToolsVersion = 9.2;
						ProvisioningStyle = Automatic;
					};
				};
			};
			buildConfigurationList = 030587611EF92BEB0040F446 /* Build configuration list for PBXProject "zhe" */;
			compatibilityVersion = "Xcode 3.2";
			developmentRegion = English;
			hasScannedForEncodings = 0;
			knownRegions = (
				en,
			);
			mainGroup = 0305875D1EF92BEB0040F446;
			productRefGroup = 030587671EF92BEB0040F446 /* Products */;
			projectDirPath = "";
			projectRoot = "";
			targets = (
				0387A4B5202C852200599E82 /* libzhe */,
				030587651EF92BEB0040F446 /* throughput */,
				037208E11F70E92600AE2144 /* roundtrip */,
				036D95441F93D6A8003C047B /* icgcbtest */,
			);
		};
/* End PBXProject section */

/* Begin PBXSourcesBuildPhase section */
		030587621EF92BEB0040F446 /* Sources */ = {
			isa = PBXSourcesBuildPhase;
			buildActionMask = 2147483647;
			files = (
				03041728202F506C000EC6AF /* throughput.c in Sources */,
			);
			runOnlyForDeploymentPostprocessing = 0;
		};
		036D95451F93D6A8003C047B /* Sources */ = {
			isa = PBXSourcesBuildPhase;
			buildActionMask = 2147483647;
			files = (
				0304173A202F5088000EC6AF /* icgcbtest.c in Sources */,
				036D95461F93D6A8003C047B /* zhe-icgcb.c in Sources */,
				0362B515202085E700EF87EC /* zhe-uri.c in Sources */,
			);
			runOnlyForDeploymentPostprocessing = 0;
		};
		037208E21F70E92600AE2144 /* Sources */ = {
			isa = PBXSourcesBuildPhase;
			buildActionMask = 2147483647;
			files = (
				03041729202F5070000EC6AF /* roundtrip.c in Sources */,
			);
			runOnlyForDeploymentPostprocessing = 0;
		};
		0387A4B2202C852200599E82 /* Sources */ = {
			isa = PBXSourcesBuildPhase;
			buildActionMask = 2147483647;
			files = (
				0304171C202F505A000EC6AF /* sub.c in Sources */,
				0387A4BA202C853100599E82 /* zhe-binheap.c in Sources */,
				0387A4BC202C853100599E82 /* zhe-bitset.c in Sources */,
				0387A4C0202C853100599E82 /* zhe-icgcb.c in Sources */,
				0304171D202F505A000EC6AF /* pub.c in Sources */,
				030416DF202F505A000EC6AF /* zhe-util.c in Sources */,
				0304171E202F505A000EC6AF /* roundtrip.c in Sources */,
				0387A4C4202C853100599E82 /* zhe-pack.c in Sources */,
				0387A4C7202C853100599E82 /* zhe-pubsub.c in Sources */,
				0387A4CB202C853100599E82 /* zhe-unpack.c in Sources */,
				0387A4CD202C853100599E82 /* zhe-uri.c in Sources */,
				03041727202F505A000EC6AF /* throughput.c in Sources */,
				0387A4CF202C853100599E82 /* zhe-uristore.c in Sources */,
				030416E0202F505A000EC6AF /* platform-udp.c in Sources */,
				0387A4D1202C853100599E82 /* zhe.c in Sources */,
			);
			runOnlyForDeploymentPostprocessing = 0;
		};
/* End PBXSourcesBuildPhase section */

/* Begin XCBuildConfiguration section */
		0305876B1EF92BEB0040F446 /* Debug */ = {
			isa = XCBuildConfiguration;
			buildSettings = {
				ALWAYS_SEARCH_USER_PATHS = NO;
				CLANG_ANALYZER_NONNULL = YES;
				CLANG_ANALYZER_NUMBER_OBJECT_CONVERSION = YES_AGGRESSIVE;
				CLANG_CXX_LANGUAGE_STANDARD = "gnu++0x";
				CLANG_CXX_LIBRARY = "libc++";
				CLANG_ENABLE_MODULES = YES;
				CLANG_ENABLE_OBJC_ARC = YES;
				CLANG_WARN_BLOCK_CAPTURE_AUTORELEASING = YES;
				CLANG_WARN_BOOL_CONVERSION = YES;
				CLANG_WARN_COMMA = YES;
				CLANG_WARN_CONSTANT_CONVERSION = YES;
				CLANG_WARN_DIRECT_OBJC_ISA_USAGE = YES_ERROR;
				CLANG_WARN_DOCUMENTATION_COMMENTS = YES;
				CLANG_WARN_EMPTY_BODY = YES;
				CLANG_WARN_ENUM_CONVERSION = YES;
				CLANG_WARN_INFINITE_RECURSION = YES;
				CLANG_WARN_INT_CONVERSION = YES;
				CLANG_WARN_NON_LITERAL_NULL_CONVERSION = YES;
				CLANG_WARN_OBJC_LITERAL_CONVERSION = YES;
				CLANG_WARN_OBJC_ROOT_CLASS = YES_ERROR;
				CLANG_WARN_RANGE_LOOP_ANALYSIS = YES;
				CLANG_WARN_STRICT_PROTOTYPES = YES;
				CLANG_WARN_SUSPICIOUS_MOVE = YES;
				CLANG_WARN_UNREACHABLE_CODE = YES;
				CLANG_WARN__DUPLICATE_METHOD_MATCH = YES;
				CODE_SIGN_IDENTITY = "";
				COPY_PHASE_STRIP = NO;
				DEBUG_INFORMATION_FORMAT = dwarf;
				ENABLE_STRICT_OBJC_MSGSEND = YES;
				ENABLE_TESTABILITY = YES;
				GCC_C_LANGUAGE_STANDARD = gnu99;
				GCC_DYNAMIC_NO_PIC = NO;
				GCC_NO_COMMON_BLOCKS = YES;
				GCC_OPTIMIZATION_LEVEL = 0;
				GCC_PREPROCESSOR_DEFINITIONS = (
					"DEBUG=1",
					"$(inherited)",
				);
				GCC_WARN_64_TO_32_BIT_CONVERSION = YES;
				GCC_WARN_ABOUT_RETURN_TYPE = YES_ERROR;
				GCC_WARN_UNDECLARED_SELECTOR = YES;
				GCC_WARN_UNINITIALIZED_AUTOS = YES_AGGRESSIVE;
				GCC_WARN_UNUSED_FUNCTION = YES;
				GCC_WARN_UNUSED_VARIABLE = YES;
				MACOSX_DEPLOYMENT_TARGET = 10.13;
				MTL_ENABLE_DEBUG_INFO = YES;
				ONLY_ACTIVE_ARCH = YES;
				SDKROOT = macosx;
			};
			name = Debug;
		};
		0305876C1EF92BEB0040F446 /* Release */ = {
			isa = XCBuildConfiguration;
			buildSettings = {
				ALWAYS_SEARCH_USER_PATHS = NO;
				CLANG_ANALYZER_NONNULL = YES;
				CLANG_ANALYZER_NUMBER_OBJECT_CONVERSION = YES_AGGRESSIVE;
				CLANG_CXX_LANGUAGE_STANDARD = "gnu++0x";
				CLANG_CXX_LIBRARY = "libc++";
				CLANG_ENABLE_MODULES = YES;
				CLANG_ENABLE_OBJC_ARC = YES;
				CLANG_WARN_BLOCK_CAPTURE_AUTORELEASING = YES;
				CLANG_WARN_BOOL_CONVERSION = YES;
				CLANG_WARN_COMMA = YES;
				CLANG_WARN_CONSTANT_CONVERSION = YES;
				CLANG_WARN_DIRECT_OBJC_ISA_USAGE = YES_ERROR;
				CLANG_WARN_DOCUMENTATION_COMMENTS = YES;
				CLANG_WARN_EMPTY_BODY = YES;
				CLANG_WARN_ENUM_CONVERSION = YES;
				CLANG_WARN_INFINITE_RECURSION = YES;
				CLANG_WARN_INT_CONVERSION = YES;
				CLANG_WARN_NON_LITERAL_NULL_CONVERSION = YES;
				CLANG_WARN_OBJC_LITERAL_CONVERSION = YES;
				CLANG_WARN_OBJC_ROOT_CLASS = YES_ERROR;
				CLANG_WARN_RANGE_LOOP_ANALYSIS = YES;
				CLANG_WARN_STRICT_PROTOTYPES = YES;
				CLANG_WARN_SUSPICIOUS_MOVE = YES;
				CLANG_WARN_UNREACHABLE_CODE = YES;
				CLANG_WARN__DUPLICATE_METHOD_MATCH = YES;
				CODE_SIGN_IDENTITY = "";
				COPY_PHASE_STRIP = NO;
				DEBUG_INFORMATION_FORMAT = "dwarf-with-dsym";
				ENABLE_NS_ASSERTIONS = NO;
				ENABLE_STRICT_OBJC_MSGSEND = YES;
				GCC_C_LANGUAGE_STANDARD = gnu99;
				GCC_NO_COMMON_BLOCKS = YES;
				GCC_PREPROCESSOR_DEFINITIONS = NDEBUG;
				GCC_WARN_64_TO_32_BIT_CONVERSION = YES;
				GCC_WARN_ABOUT_RETURN_TYPE = YES_ERROR;
				GCC_WARN_UNDECLARED_SELECTOR = YES;
				GCC_WARN_UNINITIALIZED_AUTOS = YES_AGGRESSIVE;
				GCC_WARN_UNUSED_FUNCTION = YES;
				GCC_WARN_UNUSED_VARIABLE = YES;
				MACOSX_DEPLOYMENT_TARGET = 10.13;
				MTL_ENABLE_DEBUG_INFO = NO;
				SDKROOT = macosx;
			};
			name = Release;
		};
		0305876E1EF92BEB0040F446 /* Debug */ = {
			isa = XCBuildConfiguration;
			buildSettings = {
				CLANG_WARN_ASSIGN_ENUM = YES;
				CLANG_WARN_IMPLICIT_SIGN_CONVERSION = YES;
				CLANG_WARN_SUSPICIOUS_IMPLICIT_CONVERSION = YES;
				GCC_PREPROCESSOR_DEFINITIONS = "$(inherited)";
				GCC_WARN_ABOUT_MISSING_PROTOTYPES = YES;
				GCC_WARN_SIGN_COMPARE = YES;
				PRODUCT_NAME = "$(TARGET_NAME)";
			};
			name = Debug;
		};
		0305876F1EF92BEB0040F446 /* Release */ = {
			isa = XCBuildConfiguration;
			buildSettings = {
				CLANG_WARN_ASSIGN_ENUM = YES;
				CLANG_WARN_IMPLICIT_SIGN_CONVERSION = YES;
				CLANG_WARN_SUSPICIOUS_IMPLICIT_CONVERSION = YES;
				GCC_WARN_ABOUT_MISSING_PROTOTYPES = YES;
				GCC_WARN_SIGN_COMPARE = YES;
				PRODUCT_NAME = "$(TARGET_NAME)";
			};
			name = Release;
		};
		036D95531F93D6A8003C047B /* Debug */ = {
			isa = XCBuildConfiguration;
			buildSettings = {
				CLANG_WARN_ASSIGN_ENUM = YES;
				CLANG_WARN_IMPLICIT_SIGN_CONVERSION = YES;
				CLANG_WARN_SUSPICIOUS_IMPLICIT_CONVERSION = YES;
				GCC_PREPROCESSOR_DEFINITIONS = "$(inherited)";
				GCC_WARN_ABOUT_MISSING_PROTOTYPES = YES;
				GCC_WARN_SIGN_COMPARE = YES;
				PRODUCT_NAME = "$(TARGET_NAME)";
			};
			name = Debug;
		};
		036D95541F93D6A8003C047B /* Release */ = {
			isa = XCBuildConfiguration;
			buildSettings = {
				CLANG_WARN_ASSIGN_ENUM = YES;
				CLANG_WARN_IMPLICIT_SIGN_CONVERSION = YES;
				CLANG_WARN_SUSPICIOUS_IMPLICIT_CONVERSION = YES;
				GCC_WARN_ABOUT_MISSING_PROTOTYPES = YES;
				GCC_WARN_SIGN_COMPARE = YES;
				PRODUCT_NAME = "$(TARGET_NAME)";
			};
			name = Release;
		};
		037208EE1F70E92600AE2144 /* Debug */ = {
			isa = XCBuildConfiguration;
			buildSettings = {
				CLANG_WARN_ASSIGN_ENUM = YES;
				CLANG_WARN_IMPLICIT_SIGN_CONVERSION = YES;
				CLANG_WARN_SUSPICIOUS_IMPLICIT_CONVERSION = YES;
				GCC_PREPROCESSOR_DEFINITIONS = "$(inherited)";
				GCC_WARN_ABOUT_MISSING_PROTOTYPES = YES;
				GCC_WARN_SIGN_COMPARE = YES;
				PRODUCT_NAME = "$(TARGET_NAME)";
			};
			name = Debug;
		};
		037208EF1F70E92600AE2144 /* Release */ = {
			isa = XCBuildConfiguration;
			buildSettings = {
				CLANG_WARN_ASSIGN_ENUM = YES;
				CLANG_WARN_IMPLICIT_SIGN_CONVERSION = YES;
				CLANG_WARN_SUSPICIOUS_IMPLICIT_CONVERSION = YES;
				GCC_WARN_ABOUT_MISSING_PROTOTYPES = YES;
				GCC_WARN_SIGN_COMPARE = YES;
				PRODUCT_NAME = "$(TARGET_NAME)";
			};
			name = Release;
		};
		0387A4B8202C852200599E82 /* Debug */ = {
			isa = XCBuildConfiguration;
			buildSettings = {
				CLANG_CXX_LANGUAGE_STANDARD = "gnu++14";
				CLANG_WARN_UNGUARDED_AVAILABILITY = YES_AGGRESSIVE;
				CODE_SIGN_IDENTITY = "-";
				CODE_SIGN_STYLE = Automatic;
				EXECUTABLE_PREFIX = lib;
				GCC_C_LANGUAGE_STANDARD = gnu11;
				MACOSX_DEPLOYMENT_TARGET = 10.13;
				PRODUCT_NAME = "$(TARGET_NAME)";
			};
			name = Debug;
		};
		0387A4B9202C852200599E82 /* Release */ = {
			isa = XCBuildConfiguration;
			buildSettings = {
				CLANG_CXX_LANGUAGE_STANDARD = "gnu++14";
				CLANG_WARN_UNGUARDED_AVAILABILITY = YES_AGGRESSIVE;
				CODE_SIGN_IDENTITY = "-";
				CODE_SIGN_STYLE = Automatic;
				EXECUTABLE_PREFIX = lib;
				GCC_C_LANGUAGE_STANDARD = gnu11;
				MACOSX_DEPLOYMENT_TARGET = 10.13;
				PRODUCT_NAME = "$(TARGET_NAME)";
			};
			name = Release;
		};
/* End XCBuildConfiguration section */

/* Begin XCConfigurationList section */
		030587611EF92BEB0040F446 /* Build configuration list for PBXProject "zhe" */ = {
			isa = XCConfigurationList;
			buildConfigurations = (
				0305876B1EF92BEB0040F446 /* Debug */,
				0305876C1EF92BEB0040F446 /* Release */,
			);
			defaultConfigurationIsVisible = 0;
			defaultConfigurationName = Release;
		};
		0305876D1EF92BEB0040F446 /* Build configuration list for PBXNativeTarget "throughput" */ = {
			isa = XCConfigurationList;
			buildConfigurations = (
				0305876E1EF92BEB0040F446 /* Debug */,
				0305876F1EF92BEB0040F446 /* Release */,
			);
			defaultConfigurationIsVisible = 0;
			defaultConfigurationName = Release;
		};
		036D95521F93D6A8003C047B /* Build configuration list for PBXNativeTarget "icgcbtest" */ = {
			isa = XCConfigurationList;
			buildConfigurations = (
				036D95531F93D6A8003C047B /* Debug */,
				036D95541F93D6A8003C047B /* Release */,
			);
			defaultConfigurationIsVisible = 0;
			defaultConfigurationName = Release;
		};
		037208ED1F70E92600AE2144 /* Build configuration list for PBXNativeTarget "roundtrip" */ = {
			isa = XCConfigurationList;
			buildConfigurations = (
				037208EE1F70E92600AE2144 /* Debug */,
				037208EF1F70E92600AE2144 /* Release */,
			);
			defaultConfigurationIsVisible = 0;
			defaultConfigurationName = Release;
		};
		0387A4B7202C852200599E82 /* Build configuration list for PBXNativeTarget "libzhe" */ = {
			isa = XCConfigurationList;
			buildConfigurations = (
				0387A4B8202C852200599E82 /* Debug */,
				0387A4B9202C852200599E82 /* Release */,
			);
			defaultConfigurationIsVisible = 0;
			defaultConfigurationName = Release;
		};
/* End XCConfigurationList section */
	};
	rootObject = 0305875E1EF92BEB0040F446 /* Project object */;
}
