// !$*UTF8*$!
{
	archiveVersion = 1;
	classes = {
	};
	objectVersion = 46;
	objects = {

/* Begin PBXBuildFile section */
		030445FF1F322DFE00883BFF /* transport-udp.c in Sources */ = {isa = PBXBuildFile; fileRef = 030445FD1F322DFE00883BFF /* transport-udp.c */; };
		0305876A1EF92BEB0040F446 /* main.c in Sources */ = {isa = PBXBuildFile; fileRef = 030587691EF92BEB0040F446 /* main.c */; };
		030587741EF92CEC0040F446 /* zeno.c in Sources */ = {isa = PBXBuildFile; fileRef = 030587731EF92CEC0040F446 /* zeno.c */; };
		030587771EFB8FAF0040F446 /* pack.c in Sources */ = {isa = PBXBuildFile; fileRef = 030587761EFB8FAF0040F446 /* pack.c */; };
		0349B4B71F2FBB9600C6B95D /* unpack.c in Sources */ = {isa = PBXBuildFile; fileRef = 0349B4B51F2FBB9600C6B95D /* unpack.c */; };
		038D6C641F25DD380045040D /* bitset.c in Sources */ = {isa = PBXBuildFile; fileRef = 038D6C621F25DD380045040D /* bitset.c */; };
		038D6C671F2F080A0045040D /* binheap.c in Sources */ = {isa = PBXBuildFile; fileRef = 038D6C651F2F080A0045040D /* binheap.c */; };
		03A5AB171F330CA300F78438 /* transport-arduino.c in Sources */ = {isa = PBXBuildFile; fileRef = 03A5AB151F330CA300F78438 /* transport-arduino.c */; };
/* End PBXBuildFile section */

/* Begin PBXCopyFilesBuildPhase section */
		030587641EF92BEB0040F446 /* CopyFiles */ = {
			isa = PBXCopyFilesBuildPhase;
			buildActionMask = 2147483647;
			dstPath = /usr/share/man/man1/;
			dstSubfolderSpec = 0;
			files = (
			);
			runOnlyForDeploymentPostprocessing = 1;
		};
/* End PBXCopyFilesBuildPhase section */

/* Begin PBXFileReference section */
		030445FD1F322DFE00883BFF /* transport-udp.c */ = {isa = PBXFileReference; fileEncoding = 4; lastKnownFileType = sourcecode.c.c; path = "transport-udp.c"; sourceTree = "<group>"; };
		030445FE1F322DFE00883BFF /* transport-udp.h */ = {isa = PBXFileReference; fileEncoding = 4; lastKnownFileType = sourcecode.c.h; path = "transport-udp.h"; sourceTree = "<group>"; };
		030587661EF92BEB0040F446 /* zenop */ = {isa = PBXFileReference; explicitFileType = "compiled.mach-o.executable"; includeInIndex = 0; path = zenop; sourceTree = BUILT_PRODUCTS_DIR; };
		030587691EF92BEB0040F446 /* main.c */ = {isa = PBXFileReference; lastKnownFileType = sourcecode.c.c; path = main.c; sourceTree = "<group>"; };
		030587701EF92CEC0040F446 /* zeno-msg.h */ = {isa = PBXFileReference; fileEncoding = 4; lastKnownFileType = sourcecode.c.h; path = "zeno-msg.h"; sourceTree = "<group>"; };
		030587711EF92CEC0040F446 /* zeno-config.h */ = {isa = PBXFileReference; fileEncoding = 4; lastKnownFileType = sourcecode.c.h; path = "zeno-config.h"; sourceTree = "<group>"; };
		030587721EF92CEC0040F446 /* zeno.h */ = {isa = PBXFileReference; fileEncoding = 4; lastKnownFileType = sourcecode.c.h; path = zeno.h; sourceTree = "<group>"; };
		030587731EF92CEC0040F446 /* zeno.c */ = {isa = PBXFileReference; fileEncoding = 4; lastKnownFileType = sourcecode.c.c; path = zeno.c; sourceTree = "<group>"; };
		030587751EF92D6B0040F446 /* zeno-config-int.h */ = {isa = PBXFileReference; lastKnownFileType = sourcecode.c.h; path = "zeno-config-int.h"; sourceTree = "<group>"; };
		030587761EFB8FAF0040F446 /* pack.c */ = {isa = PBXFileReference; fileEncoding = 4; lastKnownFileType = sourcecode.c.c; path = pack.c; sourceTree = "<group>"; };
		030587781EFB90DF0040F446 /* pack.h */ = {isa = PBXFileReference; fileEncoding = 4; lastKnownFileType = sourcecode.c.h; path = pack.h; sourceTree = "<group>"; };
		030587791EFB914E0040F446 /* zeno-int.h */ = {isa = PBXFileReference; fileEncoding = 4; lastKnownFileType = sourcecode.c.h; path = "zeno-int.h"; sourceTree = "<group>"; };
		0349B4B51F2FBB9600C6B95D /* unpack.c */ = {isa = PBXFileReference; fileEncoding = 4; lastKnownFileType = sourcecode.c.c; path = unpack.c; sourceTree = "<group>"; };
		0349B4B61F2FBB9600C6B95D /* unpack.h */ = {isa = PBXFileReference; fileEncoding = 4; lastKnownFileType = sourcecode.c.h; path = unpack.h; sourceTree = "<group>"; };
		038D6C621F25DD380045040D /* bitset.c */ = {isa = PBXFileReference; fileEncoding = 4; lastKnownFileType = sourcecode.c.c; path = bitset.c; sourceTree = "<group>"; };
		038D6C631F25DD380045040D /* bitset.h */ = {isa = PBXFileReference; fileEncoding = 4; lastKnownFileType = sourcecode.c.h; path = bitset.h; sourceTree = "<group>"; };
		038D6C651F2F080A0045040D /* binheap.c */ = {isa = PBXFileReference; fileEncoding = 4; lastKnownFileType = sourcecode.c.c; path = binheap.c; sourceTree = "<group>"; };
		038D6C661F2F080A0045040D /* binheap.h */ = {isa = PBXFileReference; fileEncoding = 4; lastKnownFileType = sourcecode.c.h; path = binheap.h; sourceTree = "<group>"; };
		03A5AB141F3301B400F78438 /* transport.h */ = {isa = PBXFileReference; lastKnownFileType = sourcecode.c.h; path = transport.h; sourceTree = "<group>"; };
		03A5AB151F330CA300F78438 /* transport-arduino.c */ = {isa = PBXFileReference; fileEncoding = 4; lastKnownFileType = sourcecode.c.c; path = "transport-arduino.c"; sourceTree = "<group>"; };
		03A5AB161F330CA300F78438 /* transport-arduino.h */ = {isa = PBXFileReference; fileEncoding = 4; lastKnownFileType = sourcecode.c.h; path = "transport-arduino.h"; sourceTree = "<group>"; };
/* End PBXFileReference section */

/* Begin PBXFrameworksBuildPhase section */
		030587631EF92BEB0040F446 /* Frameworks */ = {
			isa = PBXFrameworksBuildPhase;
			buildActionMask = 2147483647;
			files = (
			);
			runOnlyForDeploymentPostprocessing = 0;
		};
/* End PBXFrameworksBuildPhase section */

/* Begin PBXGroup section */
		0305875D1EF92BEB0040F446 = {
			isa = PBXGroup;
			children = (
				030587681EF92BEB0040F446 /* zenop */,
				030587671EF92BEB0040F446 /* Products */,
			);
			indentWidth = 4;
			sourceTree = "<group>";
		};
		030587671EF92BEB0040F446 /* Products */ = {
			isa = PBXGroup;
			children = (
				030587661EF92BEB0040F446 /* zenop */,
			);
			name = Products;
			sourceTree = "<group>";
		};
		030587681EF92BEB0040F446 /* zenop */ = {
			isa = PBXGroup;
			children = (
				030587791EFB914E0040F446 /* zeno-int.h */,
				030587781EFB90DF0040F446 /* pack.h */,
				030587701EF92CEC0040F446 /* zeno-msg.h */,
				030587711EF92CEC0040F446 /* zeno-config.h */,
				030587721EF92CEC0040F446 /* zeno.h */,
				030587731EF92CEC0040F446 /* zeno.c */,
				030587761EFB8FAF0040F446 /* pack.c */,
				030587691EF92BEB0040F446 /* main.c */,
				030587751EF92D6B0040F446 /* zeno-config-int.h */,
				038D6C621F25DD380045040D /* bitset.c */,
				038D6C631F25DD380045040D /* bitset.h */,
				038D6C651F2F080A0045040D /* binheap.c */,
				038D6C661F2F080A0045040D /* binheap.h */,
				0349B4B51F2FBB9600C6B95D /* unpack.c */,
				0349B4B61F2FBB9600C6B95D /* unpack.h */,
				030445FD1F322DFE00883BFF /* transport-udp.c */,
				030445FE1F322DFE00883BFF /* transport-udp.h */,
				03A5AB141F3301B400F78438 /* transport.h */,
				03A5AB151F330CA300F78438 /* transport-arduino.c */,
				03A5AB161F330CA300F78438 /* transport-arduino.h */,
			);
			path = zenop;
			sourceTree = "<group>";
		};
/* End PBXGroup section */

/* Begin PBXNativeTarget section */
		030587651EF92BEB0040F446 /* zenop */ = {
			isa = PBXNativeTarget;
			buildConfigurationList = 0305876D1EF92BEB0040F446 /* Build configuration list for PBXNativeTarget "zenop" */;
			buildPhases = (
				030587621EF92BEB0040F446 /* Sources */,
				030587631EF92BEB0040F446 /* Frameworks */,
				030587641EF92BEB0040F446 /* CopyFiles */,
			);
			buildRules = (
			);
			dependencies = (
			);
			name = zenop;
			productName = zenop;
			productReference = 030587661EF92BEB0040F446 /* zenop */;
			productType = "com.apple.product-type.tool";
		};
/* End PBXNativeTarget section */

/* Begin PBXProject section */
		0305875E1EF92BEB0040F446 /* Project object */ = {
			isa = PBXProject;
			attributes = {
				LastUpgradeCheck = 0830;
				ORGANIZATIONNAME = "ADLINK ATO";
				TargetAttributes = {
					030587651EF92BEB0040F446 = {
						CreatedOnToolsVersion = 8.3.3;
						ProvisioningStyle = Automatic;
					};
				};
			};
			buildConfigurationList = 030587611EF92BEB0040F446 /* Build configuration list for PBXProject "zenop" */;
			compatibilityVersion = "Xcode 3.2";
			developmentRegion = English;
			hasScannedForEncodings = 0;
			knownRegions = (
				en,
			);
			mainGroup = 0305875D1EF92BEB0040F446;
			productRefGroup = 030587671EF92BEB0040F446 /* Products */;
			projectDirPath = "";
			projectRoot = "";
			targets = (
				030587651EF92BEB0040F446 /* zenop */,
			);
		};
/* End PBXProject section */

/* Begin PBXSourcesBuildPhase section */
		030587621EF92BEB0040F446 /* Sources */ = {
			isa = PBXSourcesBuildPhase;
			buildActionMask = 2147483647;
			files = (
				03A5AB171F330CA300F78438 /* transport-arduino.c in Sources */,
				038D6C641F25DD380045040D /* bitset.c in Sources */,
				030587771EFB8FAF0040F446 /* pack.c in Sources */,
				0305876A1EF92BEB0040F446 /* main.c in Sources */,
				0349B4B71F2FBB9600C6B95D /* unpack.c in Sources */,
				030587741EF92CEC0040F446 /* zeno.c in Sources */,
				038D6C671F2F080A0045040D /* binheap.c in Sources */,
				030445FF1F322DFE00883BFF /* transport-udp.c in Sources */,
			);
			runOnlyForDeploymentPostprocessing = 0;
		};
/* End PBXSourcesBuildPhase section */

/* Begin XCBuildConfiguration section */
		0305876B1EF92BEB0040F446 /* Debug */ = {
			isa = XCBuildConfiguration;
			buildSettings = {
				ALWAYS_SEARCH_USER_PATHS = NO;
				CLANG_ANALYZER_NONNULL = YES;
				CLANG_ANALYZER_NUMBER_OBJECT_CONVERSION = YES_AGGRESSIVE;
				CLANG_CXX_LANGUAGE_STANDARD = "gnu++0x";
				CLANG_CXX_LIBRARY = "libc++";
				CLANG_ENABLE_MODULES = YES;
				CLANG_ENABLE_OBJC_ARC = YES;
				CLANG_WARN_BOOL_CONVERSION = YES;
				CLANG_WARN_CONSTANT_CONVERSION = YES;
				CLANG_WARN_DIRECT_OBJC_ISA_USAGE = YES_ERROR;
				CLANG_WARN_DOCUMENTATION_COMMENTS = YES;
				CLANG_WARN_EMPTY_BODY = YES;
				CLANG_WARN_ENUM_CONVERSION = YES;
				CLANG_WARN_INFINITE_RECURSION = YES;
				CLANG_WARN_INT_CONVERSION = YES;
				CLANG_WARN_OBJC_ROOT_CLASS = YES_ERROR;
				CLANG_WARN_SUSPICIOUS_MOVE = YES;
				CLANG_WARN_UNREACHABLE_CODE = YES;
				CLANG_WARN__DUPLICATE_METHOD_MATCH = YES;
				CODE_SIGN_IDENTITY = "-";
				COPY_PHASE_STRIP = NO;
				DEBUG_INFORMATION_FORMAT = dwarf;
				ENABLE_STRICT_OBJC_MSGSEND = YES;
				ENABLE_TESTABILITY = YES;
				GCC_C_LANGUAGE_STANDARD = gnu99;
				GCC_DYNAMIC_NO_PIC = NO;
				GCC_NO_COMMON_BLOCKS = YES;
				GCC_OPTIMIZATION_LEVEL = 0;
				GCC_PREPROCESSOR_DEFINITIONS = (
					"DEBUG=1",
					"$(inherited)",
				);
				GCC_WARN_64_TO_32_BIT_CONVERSION = YES;
				GCC_WARN_ABOUT_RETURN_TYPE = YES_ERROR;
				GCC_WARN_UNDECLARED_SELECTOR = YES;
				GCC_WARN_UNINITIALIZED_AUTOS = YES_AGGRESSIVE;
				GCC_WARN_UNUSED_FUNCTION = YES;
				GCC_WARN_UNUSED_VARIABLE = YES;
				MACOSX_DEPLOYMENT_TARGET = 10.12;
				MTL_ENABLE_DEBUG_INFO = YES;
				ONLY_ACTIVE_ARCH = YES;
				SDKROOT = macosx;
			};
			name = Debug;
		};
		0305876C1EF92BEB0040F446 /* Release */ = {
			isa = XCBuildConfiguration;
			buildSettings = {
				ALWAYS_SEARCH_USER_PATHS = NO;
				CLANG_ANALYZER_NONNULL = YES;
				CLANG_ANALYZER_NUMBER_OBJECT_CONVERSION = YES_AGGRESSIVE;
				CLANG_CXX_LANGUAGE_STANDARD = "gnu++0x";
				CLANG_CXX_LIBRARY = "libc++";
				CLANG_ENABLE_MODULES = YES;
				CLANG_ENABLE_OBJC_ARC = YES;
				CLANG_WARN_BOOL_CONVERSION = YES;
				CLANG_WARN_CONSTANT_CONVERSION = YES;
				CLANG_WARN_DIRECT_OBJC_ISA_USAGE = YES_ERROR;
				CLANG_WARN_DOCUMENTATION_COMMENTS = YES;
				CLANG_WARN_EMPTY_BODY = YES;
				CLANG_WARN_ENUM_CONVERSION = YES;
				CLANG_WARN_INFINITE_RECURSION = YES;
				CLANG_WARN_INT_CONVERSION = YES;
				CLANG_WARN_OBJC_ROOT_CLASS = YES_ERROR;
				CLANG_WARN_SUSPICIOUS_MOVE = YES;
				CLANG_WARN_UNREACHABLE_CODE = YES;
				CLANG_WARN__DUPLICATE_METHOD_MATCH = YES;
				CODE_SIGN_IDENTITY = "-";
				COPY_PHASE_STRIP = NO;
				DEBUG_INFORMATION_FORMAT = "dwarf-with-dsym";
				ENABLE_NS_ASSERTIONS = NO;
				ENABLE_STRICT_OBJC_MSGSEND = YES;
				GCC_C_LANGUAGE_STANDARD = gnu99;
				GCC_NO_COMMON_BLOCKS = YES;
				GCC_WARN_64_TO_32_BIT_CONVERSION = YES;
				GCC_WARN_ABOUT_RETURN_TYPE = YES_ERROR;
				GCC_WARN_UNDECLARED_SELECTOR = YES;
				GCC_WARN_UNINITIALIZED_AUTOS = YES_AGGRESSIVE;
				GCC_WARN_UNUSED_FUNCTION = YES;
				GCC_WARN_UNUSED_VARIABLE = YES;
				MACOSX_DEPLOYMENT_TARGET = 10.12;
				MTL_ENABLE_DEBUG_INFO = NO;
				SDKROOT = macosx;
			};
			name = Release;
		};
		0305876E1EF92BEB0040F446 /* Debug */ = {
			isa = XCBuildConfiguration;
			buildSettings = {
				PRODUCT_NAME = "$(TARGET_NAME)";
			};
			name = Debug;
		};
		0305876F1EF92BEB0040F446 /* Release */ = {
			isa = XCBuildConfiguration;
			buildSettings = {
				PRODUCT_NAME = "$(TARGET_NAME)";
			};
			name = Release;
		};
/* End XCBuildConfiguration section */

/* Begin XCConfigurationList section */
		030587611EF92BEB0040F446 /* Build configuration list for PBXProject "zenop" */ = {
			isa = XCConfigurationList;
			buildConfigurations = (
				0305876B1EF92BEB0040F446 /* Debug */,
				0305876C1EF92BEB0040F446 /* Release */,
			);
			defaultConfigurationIsVisible = 0;
			defaultConfigurationName = Release;
		};
		0305876D1EF92BEB0040F446 /* Build configuration list for PBXNativeTarget "zenop" */ = {
			isa = XCConfigurationList;
			buildConfigurations = (
				0305876E1EF92BEB0040F446 /* Debug */,
				0305876F1EF92BEB0040F446 /* Release */,
			);
			defaultConfigurationIsVisible = 0;
			defaultConfigurationName = Release;
		};
/* End XCConfigurationList section */
	};
	rootObject = 0305875E1EF92BEB0040F446 /* Project object */;
}
